// !$*UTF8*$!
{
	archiveVersion = 1;
	classes = {
	};
	objectVersion = 55;
	objects = {

/* Begin PBXBuildFile section */
		401C06ED276E9D790024D92C /* AppDelegate.swift in Sources */ = {isa = PBXBuildFile; fileRef = 401C06EC276E9D790024D92C /* AppDelegate.swift */; };
		4026B868270A19390060F0F7 /* TaggingView.swift in Sources */ = {isa = PBXBuildFile; fileRef = 4026B867270A19390060F0F7 /* TaggingView.swift */; };
		4027C7F029AC195E00D62EE9 /* AppDelegate_macOS.swift in Sources */ = {isa = PBXBuildFile; fileRef = 4027C7EF29AC195E00D62EE9 /* AppDelegate_macOS.swift */; platformFilters = (macos, ); };
		4027C7F129AC1A3200D62EE9 /* AppDelegate_macOS.swift in Sources */ = {isa = PBXBuildFile; fileRef = 4027C7EF29AC195E00D62EE9 /* AppDelegate_macOS.swift */; platformFilters = (macos, ); };
		403177D32742D5790048F2DC /* RatingView.swift in Sources */ = {isa = PBXBuildFile; fileRef = 40527E16270BBE3400DB2901 /* RatingView.swift */; };
		403177D42742DB270048F2DC /* TaggingView.swift in Sources */ = {isa = PBXBuildFile; fileRef = 4026B867270A19390060F0F7 /* TaggingView.swift */; };
		403177D62742F4B40048F2DC /* PhotoGridItemView.swift in Sources */ = {isa = PBXBuildFile; fileRef = 407D7D622703A27000D2BA90 /* PhotoGridItemView.swift */; };
		403177D82742F4F70048F2DC /* SwiftUIHelper.swift in Sources */ = {isa = PBXBuildFile; fileRef = 403177D72742F4F70048F2DC /* SwiftUIHelper.swift */; };
		403177D92742F4F70048F2DC /* SwiftUIHelper.swift in Sources */ = {isa = PBXBuildFile; fileRef = 403177D72742F4F70048F2DC /* SwiftUIHelper.swift */; };
		403177DA27430A800048F2DC /* PhotoGridView.swift in Sources */ = {isa = PBXBuildFile; fileRef = 407D7CED27024EBD00D2BA90 /* PhotoGridView.swift */; };
		403177DB27430E340048F2DC /* ParticipantView.swift in Sources */ = {isa = PBXBuildFile; fileRef = 40744288270FAFB3009CABC7 /* ParticipantView.swift */; };
		403177DC274310690048F2DC /* AddToExistingShareView.swift in Sources */ = {isa = PBXBuildFile; fileRef = 408BD4D92713B29900294A81 /* AddToExistingShareView.swift */; };
		403177DD274310B50048F2DC /* ManagingSharesView.swift in Sources */ = {isa = PBXBuildFile; fileRef = 408BD4DB2713F0F400294A81 /* ManagingSharesView.swift */; };
		403177DE27432CE40048F2DC /* PhotoContextMenu.swift in Sources */ = {isa = PBXBuildFile; fileRef = 4035B60D27150DA100F46D6B /* PhotoContextMenu.swift */; };
		4035B60E27150DA100F46D6B /* PhotoContextMenu.swift in Sources */ = {isa = PBXBuildFile; fileRef = 4035B60D27150DA100F46D6B /* PhotoContextMenu.swift */; };
		403C735F29BBA7FA0098ADE2 /* PersistenceController+UISharingController.swift in Sources */ = {isa = PBXBuildFile; fileRef = 403C735E29BBA7FA0098ADE2 /* PersistenceController+UISharingController.swift */; platformFilter = ios; };
		403C736229BBAD1E0098ADE2 /* PersistenceController+NSSharingService.swift in Sources */ = {isa = PBXBuildFile; fileRef = 403C736029BBA8680098ADE2 /* PersistenceController+NSSharingService.swift */; platformFilters = (macos, ); };
		4040ECF029A98CF000E9217F /* CloudKitHelper.swift in Sources */ = {isa = PBXBuildFile; fileRef = 4040ECEF29A98CF000E9217F /* CloudKitHelper.swift */; };
		4040ECF229A98DD400E9217F /* CloudKitHelper.swift in Sources */ = {isa = PBXBuildFile; fileRef = 4040ECEF29A98CF000E9217F /* CloudKitHelper.swift */; };
		40527E17270BBE3400DB2901 /* RatingView.swift in Sources */ = {isa = PBXBuildFile; fileRef = 40527E16270BBE3400DB2901 /* RatingView.swift */; };
		40527E19270BC8FE00DB2901 /* PersistenceController+Rating.swift in Sources */ = {isa = PBXBuildFile; fileRef = 40527E18270BC8FE00DB2901 /* PersistenceController+Rating.swift */; };
		4058316A2767DCDE0044E86D /* FullImageView.swift in Sources */ = {isa = PBXBuildFile; fileRef = 405831692767DCDE0044E86D /* FullImageView.swift */; };
		4058316B2767F0ED0044E86D /* FullImageView.swift in Sources */ = {isa = PBXBuildFile; fileRef = 405831692767DCDE0044E86D /* FullImageView.swift */; };
		40744289270FAFB3009CABC7 /* ParticipantView.swift in Sources */ = {isa = PBXBuildFile; fileRef = 40744288270FAFB3009CABC7 /* ParticipantView.swift */; };
		4074428B270FB2B5009CABC7 /* PersistenceController+SharingUtilities.swift in Sources */ = {isa = PBXBuildFile; fileRef = 4074428A270FB2B5009CABC7 /* PersistenceController+SharingUtilities.swift */; };
		407A0CDE2707D0CD00F481C5 /* SceneDelegate.swift in Sources */ = {isa = PBXBuildFile; fileRef = 407D7D6A2704334400D2BA90 /* SceneDelegate.swift */; platformFilter = ios; };
		407A0CE02707D0CD00F481C5 /* AppDelegate_iOS.swift in Sources */ = {isa = PBXBuildFile; fileRef = 407D7D6C2704335A00D2BA90 /* AppDelegate_iOS.swift */; platformFilter = ios; };
		407A0CE12707D0CD00F481C5 /* PersistenceController.swift in Sources */ = {isa = PBXBuildFile; fileRef = 407D7D0027024F5D00D2BA90 /* PersistenceController.swift */; };
		407A0CEA2707D0CD00F481C5 /* CloudKitShare.xcdatamodeld in Sources */ = {isa = PBXBuildFile; fileRef = 407D7CF627024EBE00D2BA90 /* CloudKitShare.xcdatamodeld */; };
		407A0CED2707D0CD00F481C5 /* CloudKit.framework in Frameworks */ = {isa = PBXBuildFile; fileRef = 407D7D092702502400D2BA90 /* CloudKit.framework */; };
		407A0CEF2707D0CD00F481C5 /* Preview Assets.xcassets in Resources */ = {isa = PBXBuildFile; fileRef = 407D7CF227024EBE00D2BA90 /* Preview Assets.xcassets */; };
		407A0CF02707D0CD00F481C5 /* Assets.xcassets in Resources */ = {isa = PBXBuildFile; fileRef = 407D7CEF27024EBE00D2BA90 /* Assets.xcassets */; };
		407D7CEC27024EBD00D2BA90 /* WeJourneyShareApp.swift in Sources */ = {isa = PBXBuildFile; fileRef = 407D7CEB27024EBD00D2BA90 /* WeJourneyShareApp.swift */; };
		407D7CEE27024EBD00D2BA90 /* PhotoGridView.swift in Sources */ = {isa = PBXBuildFile; fileRef = 407D7CED27024EBD00D2BA90 /* PhotoGridView.swift */; };
		407D7CF027024EBE00D2BA90 /* Assets.xcassets in Resources */ = {isa = PBXBuildFile; fileRef = 407D7CEF27024EBE00D2BA90 /* Assets.xcassets */; };
		407D7CF327024EBE00D2BA90 /* Preview Assets.xcassets in Resources */ = {isa = PBXBuildFile; fileRef = 407D7CF227024EBE00D2BA90 /* Preview Assets.xcassets */; };
		407D7CF827024EBE00D2BA90 /* CloudKitShare.xcdatamodeld in Sources */ = {isa = PBXBuildFile; fileRef = 407D7CF627024EBE00D2BA90 /* CloudKitShare.xcdatamodeld */; };
		407D7D0427024F5D00D2BA90 /* PersistenceController.swift in Sources */ = {isa = PBXBuildFile; fileRef = 407D7D0027024F5D00D2BA90 /* PersistenceController.swift */; };
		407D7D0A2702502400D2BA90 /* CloudKit.framework in Frameworks */ = {isa = PBXBuildFile; fileRef = 407D7D092702502400D2BA90 /* CloudKit.framework */; };
		407D7D102702556700D2BA90 /* Assets.xcassets in Resources */ = {isa = PBXBuildFile; fileRef = 407D7D0F2702556700D2BA90 /* Assets.xcassets */; };
		407D7D1B2702556800D2BA90 /* WeJourneyShareApp.swift in Sources */ = {isa = PBXBuildFile; fileRef = 407D7D1A2702556800D2BA90 /* WeJourneyShareApp.swift */; };
		407D7D2D2702556900D2BA90 /* JourneyJarShareOnWatch.app in Embed Watch Content */ = {isa = PBXBuildFile; fileRef = 407D7D0D2702556600D2BA90 /* JourneyJarShareOnWatch.app */; settings = {ATTRIBUTES = (RemoveHeadersOnCopy, ); }; };
		407D7D39270262EF00D2BA90 /* CloudKit.framework in Frameworks */ = {isa = PBXBuildFile; fileRef = 407D7D38270262EF00D2BA90 /* CloudKit.framework */; };
		407D7D5F2703878000D2BA90 /* PersistenceController+Photo.swift in Sources */ = {isa = PBXBuildFile; fileRef = 407D7D5E2703878000D2BA90 /* PersistenceController+Photo.swift */; };
		407D7D612703880E00D2BA90 /* PersistenceController+Tag.swift in Sources */ = {isa = PBXBuildFile; fileRef = 407D7D602703880E00D2BA90 /* PersistenceController+Tag.swift */; };
		407D7D632703A27000D2BA90 /* PhotoGridItemView.swift in Sources */ = {isa = PBXBuildFile; fileRef = 407D7D622703A27000D2BA90 /* PhotoGridItemView.swift */; };
		407D7D6B2704334400D2BA90 /* SceneDelegate.swift in Sources */ = {isa = PBXBuildFile; fileRef = 407D7D6A2704334400D2BA90 /* SceneDelegate.swift */; platformFilter = ios; };
		407D7D6D2704335A00D2BA90 /* AppDelegate_iOS.swift in Sources */ = {isa = PBXBuildFile; fileRef = 407D7D6C2704335A00D2BA90 /* AppDelegate_iOS.swift */; platformFilter = ios; };
		408BD4DA2713B29900294A81 /* AddToExistingShareView.swift in Sources */ = {isa = PBXBuildFile; fileRef = 408BD4D92713B29900294A81 /* AddToExistingShareView.swift */; };
		408BD4DC2713F0F400294A81 /* ManagingSharesView.swift in Sources */ = {isa = PBXBuildFile; fileRef = 408BD4DB2713F0F400294A81 /* ManagingSharesView.swift */; };
		40AE53F12719F98C00B978CA /* CoreDataHelper.swift in Sources */ = {isa = PBXBuildFile; fileRef = 40AE53F02719F98C00B978CA /* CoreDataHelper.swift */; };
		40B6201F273AFD3400B27D3D /* CoreDataHelper.swift in Sources */ = {isa = PBXBuildFile; fileRef = 40AE53F02719F98C00B978CA /* CoreDataHelper.swift */; };
		40B62020273AFD3700B27D3D /* PersistenceController.swift in Sources */ = {isa = PBXBuildFile; fileRef = 407D7D0027024F5D00D2BA90 /* PersistenceController.swift */; };
		40B62021273AFD6700B27D3D /* CloudKitShare.xcdatamodeld in Sources */ = {isa = PBXBuildFile; fileRef = 407D7CF627024EBE00D2BA90 /* CloudKitShare.xcdatamodeld */; };
		40B62022273AFD9300B27D3D /* PersistenceController+Deduplicate.swift in Sources */ = {isa = PBXBuildFile; fileRef = 40D68E932719101A00FB9B78 /* PersistenceController+Deduplicate.swift */; };
		40B62023273AFD9700B27D3D /* PersistenceController+Rating.swift in Sources */ = {isa = PBXBuildFile; fileRef = 40527E18270BC8FE00DB2901 /* PersistenceController+Rating.swift */; };
		40B62024273AFD9900B27D3D /* PersistenceController+Tag.swift in Sources */ = {isa = PBXBuildFile; fileRef = 407D7D602703880E00D2BA90 /* PersistenceController+Tag.swift */; };
		40B62027273AFDC600B27D3D /* PersistenceController+Photo.swift in Sources */ = {isa = PBXBuildFile; fileRef = 407D7D5E2703878000D2BA90 /* PersistenceController+Photo.swift */; };
		40BACC0B2740646E00F12CBD /* PersistenceController+SharingUtilities.swift in Sources */ = {isa = PBXBuildFile; fileRef = 4074428A270FB2B5009CABC7 /* PersistenceController+SharingUtilities.swift */; };
		40BBEB0129AC1DDC00257BB2 /* SwiftUIHelper.swift in Sources */ = {isa = PBXBuildFile; fileRef = 403177D72742F4F70048F2DC /* SwiftUIHelper.swift */; };
		40BF6728273B0B7400ED9D2D /* WeJourneyShareApp.swift in Sources */ = {isa = PBXBuildFile; fileRef = 407D7CEB27024EBD00D2BA90 /* WeJourneyShareApp.swift */; };
		40BF672E273B17A500ED9D2D /* PersistenceController+History.swift in Sources */ = {isa = PBXBuildFile; fileRef = 40BF672C273B17A200ED9D2D /* PersistenceController+History.swift */; };
		40BF672F273B17A900ED9D2D /* PersistenceController+History.swift in Sources */ = {isa = PBXBuildFile; fileRef = 40BF672C273B17A200ED9D2D /* PersistenceController+History.swift */; };
		40C6211E2755AFB500015301 /* SharePickerView.swift in Sources */ = {isa = PBXBuildFile; fileRef = 40C6211D2755AFB500015301 /* SharePickerView.swift */; };
		40C6211F2755AFB500015301 /* SharePickerView.swift in Sources */ = {isa = PBXBuildFile; fileRef = 40C6211D2755AFB500015301 /* SharePickerView.swift */; };
		40D68E942719101A00FB9B78 /* PersistenceController+Deduplicate.swift in Sources */ = {isa = PBXBuildFile; fileRef = 40D68E932719101A00FB9B78 /* PersistenceController+Deduplicate.swift */; };
		40DD8C6729B50F1C00F33278 /* PhotoSelectorView.swift in Sources */ = {isa = PBXBuildFile; fileRef = 40DD8C6629B50F1C00F33278 /* PhotoSelectorView.swift */; };
		40DD8C6829B50F1C00F33278 /* PhotoSelectorView.swift in Sources */ = {isa = PBXBuildFile; fileRef = 40DD8C6629B50F1C00F33278 /* PhotoSelectorView.swift */; };
		DC2B9F272BEE2069000F059D /* APIRequest.swift in Sources */ = {isa = PBXBuildFile; fileRef = DC2B9F102BEE2069000F059D /* APIRequest.swift */; };
		DC2B9F282BEE2069000F059D /* APIRequest.swift in Sources */ = {isa = PBXBuildFile; fileRef = DC2B9F102BEE2069000F059D /* APIRequest.swift */; };
		DC2B9F292BEE2069000F059D /* APIResource.swift in Sources */ = {isa = PBXBuildFile; fileRef = DC2B9F112BEE2069000F059D /* APIResource.swift */; };
		DC2B9F2A2BEE2069000F059D /* APIResource.swift in Sources */ = {isa = PBXBuildFile; fileRef = DC2B9F112BEE2069000F059D /* APIResource.swift */; };
		DC2B9F2B2BEE2069000F059D /* ImageRequest.swift in Sources */ = {isa = PBXBuildFile; fileRef = DC2B9F122BEE2069000F059D /* ImageRequest.swift */; };
		DC2B9F2C2BEE2069000F059D /* ImageRequest.swift in Sources */ = {isa = PBXBuildFile; fileRef = DC2B9F122BEE2069000F059D /* ImageRequest.swift */; };
		DC2B9F2D2BEE2069000F059D /* JSONDecoder+API.swift in Sources */ = {isa = PBXBuildFile; fileRef = DC2B9F132BEE2069000F059D /* JSONDecoder+API.swift */; };
		DC2B9F2E2BEE2069000F059D /* JSONDecoder+API.swift in Sources */ = {isa = PBXBuildFile; fileRef = DC2B9F132BEE2069000F059D /* JSONDecoder+API.swift */; };
		DC2B9F2F2BEE2069000F059D /* Loadable.swift in Sources */ = {isa = PBXBuildFile; fileRef = DC2B9F142BEE2069000F059D /* Loadable.swift */; };
		DC2B9F302BEE2069000F059D /* Loadable.swift in Sources */ = {isa = PBXBuildFile; fileRef = DC2B9F142BEE2069000F059D /* Loadable.swift */; };
		DC2B9F312BEE2069000F059D /* NetworkRequest.swift in Sources */ = {isa = PBXBuildFile; fileRef = DC2B9F152BEE2069000F059D /* NetworkRequest.swift */; };
		DC2B9F322BEE2069000F059D /* NetworkRequest.swift in Sources */ = {isa = PBXBuildFile; fileRef = DC2B9F152BEE2069000F059D /* NetworkRequest.swift */; };
		DC2B9F332BEE2069000F059D /* TheTVDB.swift in Sources */ = {isa = PBXBuildFile; fileRef = DC2B9F172BEE2069000F059D /* TheTVDB.swift */; };
		DC2B9F342BEE2069000F059D /* TheTVDB.swift in Sources */ = {isa = PBXBuildFile; fileRef = DC2B9F172BEE2069000F059D /* TheTVDB.swift */; };
		DC2B9F352BEE2069000F059D /* TripAdvisor.swift in Sources */ = {isa = PBXBuildFile; fileRef = DC2B9F182BEE2069000F059D /* TripAdvisor.swift */; };
		DC2B9F362BEE2069000F059D /* TripAdvisor.swift in Sources */ = {isa = PBXBuildFile; fileRef = DC2B9F182BEE2069000F059D /* TripAdvisor.swift */; };
		DC2B9F372BEE2069000F059D /* TheTVDBAPIResource.swift in Sources */ = {isa = PBXBuildFile; fileRef = DC2B9F1A2BEE2069000F059D /* TheTVDBAPIResource.swift */; };
		DC2B9F382BEE2069000F059D /* TheTVDBAPIResource.swift in Sources */ = {isa = PBXBuildFile; fileRef = DC2B9F1A2BEE2069000F059D /* TheTVDBAPIResource.swift */; };
		DC2B9F392BEE2069000F059D /* TripAdvisorAPIResource.swift in Sources */ = {isa = PBXBuildFile; fileRef = DC2B9F1B2BEE2069000F059D /* TripAdvisorAPIResource.swift */; };
		DC2B9F3A2BEE2069000F059D /* TripAdvisorAPIResource.swift in Sources */ = {isa = PBXBuildFile; fileRef = DC2B9F1B2BEE2069000F059D /* TripAdvisorAPIResource.swift */; };
		DC2B9F3B2BEE2069000F059D /* ContentView.swift in Sources */ = {isa = PBXBuildFile; fileRef = DC2B9F1E2BEE2069000F059D /* ContentView.swift */; };
		DC2B9F3C2BEE2069000F059D /* ContentView.swift in Sources */ = {isa = PBXBuildFile; fileRef = DC2B9F1E2BEE2069000F059D /* ContentView.swift */; };
		DC2B9F3D2BEE2069000F059D /* TheTVDBSeriesListView.swift in Sources */ = {isa = PBXBuildFile; fileRef = DC2B9F1F2BEE2069000F059D /* TheTVDBSeriesListView.swift */; };
		DC2B9F3E2BEE2069000F059D /* TheTVDBSeriesListView.swift in Sources */ = {isa = PBXBuildFile; fileRef = DC2B9F1F2BEE2069000F059D /* TheTVDBSeriesListView.swift */; };
		DC2B9F3F2BEE2069000F059D /* TheTVDBSeriesSearchView.Model.swift in Sources */ = {isa = PBXBuildFile; fileRef = DC2B9F202BEE2069000F059D /* TheTVDBSeriesSearchView.Model.swift */; };
		DC2B9F402BEE2069000F059D /* TheTVDBSeriesSearchView.Model.swift in Sources */ = {isa = PBXBuildFile; fileRef = DC2B9F202BEE2069000F059D /* TheTVDBSeriesSearchView.Model.swift */; };
		DC2B9F412BEE2069000F059D /* TheTVDBSeriesSearchView.swift in Sources */ = {isa = PBXBuildFile; fileRef = DC2B9F212BEE2069000F059D /* TheTVDBSeriesSearchView.swift */; };
		DC2B9F422BEE206A000F059D /* TheTVDBSeriesSearchView.swift in Sources */ = {isa = PBXBuildFile; fileRef = DC2B9F212BEE2069000F059D /* TheTVDBSeriesSearchView.swift */; };
		DC2B9F432BEE206A000F059D /* TVShowDetailsView.swift in Sources */ = {isa = PBXBuildFile; fileRef = DC2B9F222BEE2069000F059D /* TVShowDetailsView.swift */; };
		DC2B9F442BEE206A000F059D /* TVShowDetailsView.swift in Sources */ = {isa = PBXBuildFile; fileRef = DC2B9F222BEE2069000F059D /* TVShowDetailsView.swift */; };
		DC2B9F4B2BEE209D000F059D /* Optional+formatted.swift in Sources */ = {isa = PBXBuildFile; fileRef = DC2B9F452BEE209C000F059D /* Optional+formatted.swift */; };
		DC2B9F4C2BEE209D000F059D /* Optional+formatted.swift in Sources */ = {isa = PBXBuildFile; fileRef = DC2B9F452BEE209C000F059D /* Optional+formatted.swift */; };
		DC2B9F4D2BEE209D000F059D /* AutoCompleteSearchField.swift in Sources */ = {isa = PBXBuildFile; fileRef = DC2B9F472BEE209D000F059D /* AutoCompleteSearchField.swift */; };
		DC2B9F4E2BEE209D000F059D /* AutoCompleteSearchField.swift in Sources */ = {isa = PBXBuildFile; fileRef = DC2B9F472BEE209D000F059D /* AutoCompleteSearchField.swift */; };
		DC2B9F4F2BEE209D000F059D /* AutoCompleteTextField.swift in Sources */ = {isa = PBXBuildFile; fileRef = DC2B9F482BEE209D000F059D /* AutoCompleteTextField.swift */; };
		DC2B9F502BEE209D000F059D /* AutoCompleteTextField.swift in Sources */ = {isa = PBXBuildFile; fileRef = DC2B9F482BEE209D000F059D /* AutoCompleteTextField.swift */; };
		DC2B9F512BEE209D000F059D /* PredictingTextField.swift in Sources */ = {isa = PBXBuildFile; fileRef = DC2B9F492BEE209D000F059D /* PredictingTextField.swift */; };
		DC2B9F522BEE209D000F059D /* PredictingTextField.swift in Sources */ = {isa = PBXBuildFile; fileRef = DC2B9F492BEE209D000F059D /* PredictingTextField.swift */; };
		DC2B9F552BEE20C5000F059D /* PreviewData.swift in Sources */ = {isa = PBXBuildFile; fileRef = DC2B9F532BEE20C5000F059D /* PreviewData.swift */; };
		DC2B9F562BEE20C5000F059D /* PreviewData.swift in Sources */ = {isa = PBXBuildFile; fileRef = DC2B9F532BEE20C5000F059D /* PreviewData.swift */; };
		DC2B9F572BEE20C5000F059D /* TheTVDBSearchResult.json in Resources */ = {isa = PBXBuildFile; fileRef = DC2B9F542BEE20C5000F059D /* TheTVDBSearchResult.json */; };
		DC2B9F582BEE20C5000F059D /* TheTVDBSearchResult.json in Resources */ = {isa = PBXBuildFile; fileRef = DC2B9F542BEE20C5000F059D /* TheTVDBSearchResult.json */; };
		DC2B9F6B2BEE2142000F059D /* WeJourneyShareTests.swift in Sources */ = {isa = PBXBuildFile; fileRef = DC2B9F6A2BEE2142000F059D /* WeJourneyShareTests.swift */; };
		DC2B9F782BEE218B000F059D /* WeJourneyShareUITests.swift in Sources */ = {isa = PBXBuildFile; fileRef = DC2B9F772BEE218B000F059D /* WeJourneyShareUITests.swift */; };
		DC2B9F7A2BEE218B000F059D /* WeJourneyShareUITestsLaunchTests.swift in Sources */ = {isa = PBXBuildFile; fileRef = DC2B9F792BEE218B000F059D /* WeJourneyShareUITestsLaunchTests.swift */; };
		DC2B9F822BEE221C000F059D /* WeJourney.xcdatamodeld in Sources */ = {isa = PBXBuildFile; fileRef = DC2B9F802BEE221C000F059D /* WeJourney.xcdatamodeld */; };
		DC2B9F832BEE221C000F059D /* WeJourney.xcdatamodeld in Sources */ = {isa = PBXBuildFile; fileRef = DC2B9F802BEE221C000F059D /* WeJourney.xcdatamodeld */; };
		DC2B9F842BEE221C000F059D /* WeJourney.xcdatamodeld in Sources */ = {isa = PBXBuildFile; fileRef = DC2B9F802BEE221C000F059D /* WeJourney.xcdatamodeld */; };
		DC2B9F852BEE221C000F059D /* WeJourney.xcdatamodeld in Sources */ = {isa = PBXBuildFile; fileRef = DC2B9F802BEE221C000F059D /* WeJourney.xcdatamodeld */; };
		DC2B9F872BEE3F02000F059D /* URL.swift in Sources */ = {isa = PBXBuildFile; fileRef = DC2B9F862BEE3F02000F059D /* URL.swift */; };
		DC2B9F882BEE3F02000F059D /* URL.swift in Sources */ = {isa = PBXBuildFile; fileRef = DC2B9F862BEE3F02000F059D /* URL.swift */; };
		DC2B9F892BEE3F02000F059D /* URL.swift in Sources */ = {isa = PBXBuildFile; fileRef = DC2B9F862BEE3F02000F059D /* URL.swift */; };
		DC2B9F8A2BEE3F02000F059D /* URL.swift in Sources */ = {isa = PBXBuildFile; fileRef = DC2B9F862BEE3F02000F059D /* URL.swift */; };
		DC2B9F8F2BEFC7C7000F059D /* Obsolete.swift in Sources */ = {isa = PBXBuildFile; fileRef = DC2B9F8E2BEFC7C7000F059D /* Obsolete.swift */; };
		DC2B9F902BEFC7C7000F059D /* Obsolete.swift in Sources */ = {isa = PBXBuildFile; fileRef = DC2B9F8E2BEFC7C7000F059D /* Obsolete.swift */; };
		DC2B9F912BEFC7C7000F059D /* Obsolete.swift in Sources */ = {isa = PBXBuildFile; fileRef = DC2B9F8E2BEFC7C7000F059D /* Obsolete.swift */; };
		DC2B9F922BEFC7C7000F059D /* Obsolete.swift in Sources */ = {isa = PBXBuildFile; fileRef = DC2B9F8E2BEFC7C7000F059D /* Obsolete.swift */; };
/* End PBXBuildFile section */

/* Begin PBXContainerItemProxy section */
		407D7D2B2702556900D2BA90 /* PBXContainerItemProxy */ = {
			isa = PBXContainerItemProxy;
			containerPortal = 407D7CE027024EBD00D2BA90 /* Project object */;
			proxyType = 1;
			remoteGlobalIDString = 407D7D0C2702556600D2BA90;
			remoteInfo = CoreDataCloudKitShareOnWatch;
		};
		DC2B9F6C2BEE2142000F059D /* PBXContainerItemProxy */ = {
			isa = PBXContainerItemProxy;
			containerPortal = 407D7CE027024EBD00D2BA90 /* Project object */;
			proxyType = 1;
			remoteGlobalIDString = 407D7CE727024EBD00D2BA90;
			remoteInfo = WeJourneyShare;
		};
		DC2B9F7B2BEE218B000F059D /* PBXContainerItemProxy */ = {
			isa = PBXContainerItemProxy;
			containerPortal = 407D7CE027024EBD00D2BA90 /* Project object */;
			proxyType = 1;
			remoteGlobalIDString = 407D7CE727024EBD00D2BA90;
			remoteInfo = WeJourneyShare;
		};
/* End PBXContainerItemProxy section */

/* Begin PBXCopyFilesBuildPhase section */
		407A0CF12707D0CD00F481C5 /* Embed Watch Content */ = {
			isa = PBXCopyFilesBuildPhase;
			buildActionMask = 2147483647;
			dstPath = "$(CONTENTS_FOLDER_PATH)/Watch";
			dstSubfolderSpec = 16;
			files = (
			);
			name = "Embed Watch Content";
			runOnlyForDeploymentPostprocessing = 0;
		};
		407D7D2E2702556900D2BA90 /* Embed Watch Content */ = {
			isa = PBXCopyFilesBuildPhase;
			buildActionMask = 2147483647;
			dstPath = "$(CONTENTS_FOLDER_PATH)/Watch";
			dstSubfolderSpec = 16;
			files = (
				407D7D2D2702556900D2BA90 /* JourneyJarShareOnWatch.app in Embed Watch Content */,
			);
			name = "Embed Watch Content";
			runOnlyForDeploymentPostprocessing = 0;
		};
/* End PBXCopyFilesBuildPhase section */

/* Begin PBXFileReference section */
		401C06EC276E9D790024D92C /* AppDelegate.swift */ = {isa = PBXFileReference; fileEncoding = 4; lastKnownFileType = sourcecode.swift; path = AppDelegate.swift; sourceTree = "<group>"; };
		4026B867270A19390060F0F7 /* TaggingView.swift */ = {isa = PBXFileReference; lastKnownFileType = sourcecode.swift; path = TaggingView.swift; sourceTree = "<group>"; };
		4027C7EF29AC195E00D62EE9 /* AppDelegate_macOS.swift */ = {isa = PBXFileReference; lastKnownFileType = sourcecode.swift; path = AppDelegate_macOS.swift; sourceTree = "<group>"; };
		403177D72742F4F70048F2DC /* SwiftUIHelper.swift */ = {isa = PBXFileReference; lastKnownFileType = sourcecode.swift; path = SwiftUIHelper.swift; sourceTree = "<group>"; };
		4035B60D27150DA100F46D6B /* PhotoContextMenu.swift */ = {isa = PBXFileReference; lastKnownFileType = sourcecode.swift; path = PhotoContextMenu.swift; sourceTree = "<group>"; };
		403C735E29BBA7FA0098ADE2 /* PersistenceController+UISharingController.swift */ = {isa = PBXFileReference; lastKnownFileType = sourcecode.swift; path = "PersistenceController+UISharingController.swift"; sourceTree = "<group>"; };
		403C736029BBA8680098ADE2 /* PersistenceController+NSSharingService.swift */ = {isa = PBXFileReference; lastKnownFileType = sourcecode.swift; path = "PersistenceController+NSSharingService.swift"; sourceTree = "<group>"; };
		4040ECEF29A98CF000E9217F /* CloudKitHelper.swift */ = {isa = PBXFileReference; lastKnownFileType = sourcecode.swift; path = CloudKitHelper.swift; sourceTree = "<group>"; };
		40527E16270BBE3400DB2901 /* RatingView.swift */ = {isa = PBXFileReference; lastKnownFileType = sourcecode.swift; path = RatingView.swift; sourceTree = "<group>"; };
		40527E18270BC8FE00DB2901 /* PersistenceController+Rating.swift */ = {isa = PBXFileReference; lastKnownFileType = sourcecode.swift; path = "PersistenceController+Rating.swift"; sourceTree = "<group>"; };
		405831692767DCDE0044E86D /* FullImageView.swift */ = {isa = PBXFileReference; lastKnownFileType = sourcecode.swift; path = FullImageView.swift; sourceTree = "<group>"; };
		406193C22755686C006EC5D8 /* Info.plist */ = {isa = PBXFileReference; lastKnownFileType = text.plist; path = Info.plist; sourceTree = "<group>"; };
		40744288270FAFB3009CABC7 /* ParticipantView.swift */ = {isa = PBXFileReference; lastKnownFileType = sourcecode.swift; path = ParticipantView.swift; sourceTree = "<group>"; };
		4074428A270FB2B5009CABC7 /* PersistenceController+SharingUtilities.swift */ = {isa = PBXFileReference; lastKnownFileType = sourcecode.swift; path = "PersistenceController+SharingUtilities.swift"; sourceTree = "<group>"; };
		407A0CF62707D0CD00F481C5 /* InitializeCloudKitSchema.app */ = {isa = PBXFileReference; explicitFileType = wrapper.application; includeInIndex = 0; path = InitializeCloudKitSchema.app; sourceTree = BUILT_PRODUCTS_DIR; };
		407D7CE827024EBD00D2BA90 /* JourneyJarShare.app */ = {isa = PBXFileReference; explicitFileType = wrapper.application; includeInIndex = 0; path = JourneyJarShare.app; sourceTree = BUILT_PRODUCTS_DIR; };
		407D7CEB27024EBD00D2BA90 /* WeJourneyShareApp.swift */ = {isa = PBXFileReference; lastKnownFileType = sourcecode.swift; path = WeJourneyShareApp.swift; sourceTree = "<group>"; };
		407D7CED27024EBD00D2BA90 /* PhotoGridView.swift */ = {isa = PBXFileReference; lastKnownFileType = sourcecode.swift; path = PhotoGridView.swift; sourceTree = "<group>"; };
		407D7CEF27024EBE00D2BA90 /* Assets.xcassets */ = {isa = PBXFileReference; lastKnownFileType = folder.assetcatalog; path = Assets.xcassets; sourceTree = "<group>"; };
		407D7CF227024EBE00D2BA90 /* Preview Assets.xcassets */ = {isa = PBXFileReference; lastKnownFileType = folder.assetcatalog; path = "Preview Assets.xcassets"; sourceTree = "<group>"; };
		407D7CF727024EBE00D2BA90 /* CoreDataCloudKitShare.xcdatamodel */ = {isa = PBXFileReference; lastKnownFileType = wrapper.xcdatamodel; path = CoreDataCloudKitShare.xcdatamodel; sourceTree = "<group>"; };
		407D7CFE27024F4100D2BA90 /* README.md */ = {isa = PBXFileReference; lastKnownFileType = net.daringfireball.markdown; path = README.md; sourceTree = "<group>"; };
		407D7D0027024F5D00D2BA90 /* PersistenceController.swift */ = {isa = PBXFileReference; fileEncoding = 4; lastKnownFileType = sourcecode.swift; path = PersistenceController.swift; sourceTree = "<group>"; };
		407D7D072702502200D2BA90 /* WeJourneyShare.entitlements */ = {isa = PBXFileReference; lastKnownFileType = text.plist.entitlements; path = WeJourneyShare.entitlements; sourceTree = "<group>"; };
		407D7D092702502400D2BA90 /* CloudKit.framework */ = {isa = PBXFileReference; lastKnownFileType = wrapper.framework; name = CloudKit.framework; path = System/Library/Frameworks/CloudKit.framework; sourceTree = SDKROOT; };
		407D7D0D2702556600D2BA90 /* JourneyJarShareOnWatch.app */ = {isa = PBXFileReference; explicitFileType = wrapper.application; includeInIndex = 0; path = JourneyJarShareOnWatch.app; sourceTree = BUILT_PRODUCTS_DIR; };
		407D7D0F2702556700D2BA90 /* Assets.xcassets */ = {isa = PBXFileReference; lastKnownFileType = folder.assetcatalog; path = Assets.xcassets; sourceTree = "<group>"; };
		407D7D1A2702556800D2BA90 /* WeJourneyShareApp.swift */ = {isa = PBXFileReference; lastKnownFileType = sourcecode.swift; path = WeJourneyShareApp.swift; sourceTree = "<group>"; };
		407D7D36270262C500D2BA90 /* Info.plist */ = {isa = PBXFileReference; lastKnownFileType = text.plist; path = Info.plist; sourceTree = "<group>"; };
		407D7D37270262ED00D2BA90 /* WeJourneyShareOnWatch.entitlements */ = {isa = PBXFileReference; lastKnownFileType = text.plist.entitlements; path = WeJourneyShareOnWatch.entitlements; sourceTree = "<group>"; };
		407D7D38270262EF00D2BA90 /* CloudKit.framework */ = {isa = PBXFileReference; lastKnownFileType = wrapper.framework; name = CloudKit.framework; path = Platforms/WatchOS.platform/Developer/SDKs/WatchOS8.0.sdk/System/Library/Frameworks/CloudKit.framework; sourceTree = DEVELOPER_DIR; };
		407D7D5E2703878000D2BA90 /* PersistenceController+Photo.swift */ = {isa = PBXFileReference; lastKnownFileType = sourcecode.swift; path = "PersistenceController+Photo.swift"; sourceTree = "<group>"; };
		407D7D602703880E00D2BA90 /* PersistenceController+Tag.swift */ = {isa = PBXFileReference; lastKnownFileType = sourcecode.swift; path = "PersistenceController+Tag.swift"; sourceTree = "<group>"; };
		407D7D622703A27000D2BA90 /* PhotoGridItemView.swift */ = {isa = PBXFileReference; lastKnownFileType = sourcecode.swift; path = PhotoGridItemView.swift; sourceTree = "<group>"; };
		407D7D6A2704334400D2BA90 /* SceneDelegate.swift */ = {isa = PBXFileReference; fileEncoding = 4; lastKnownFileType = sourcecode.swift; path = SceneDelegate.swift; sourceTree = "<group>"; };
		407D7D6C2704335A00D2BA90 /* AppDelegate_iOS.swift */ = {isa = PBXFileReference; fileEncoding = 4; lastKnownFileType = sourcecode.swift; path = AppDelegate_iOS.swift; sourceTree = "<group>"; };
		408BD4D92713B29900294A81 /* AddToExistingShareView.swift */ = {isa = PBXFileReference; lastKnownFileType = sourcecode.swift; path = AddToExistingShareView.swift; sourceTree = "<group>"; };
		408BD4DB2713F0F400294A81 /* ManagingSharesView.swift */ = {isa = PBXFileReference; lastKnownFileType = sourcecode.swift; path = ManagingSharesView.swift; sourceTree = "<group>"; };
		40AE53F02719F98C00B978CA /* CoreDataHelper.swift */ = {isa = PBXFileReference; lastKnownFileType = sourcecode.swift; path = CoreDataHelper.swift; sourceTree = "<group>"; };
		40BF672C273B17A200ED9D2D /* PersistenceController+History.swift */ = {isa = PBXFileReference; lastKnownFileType = sourcecode.swift; path = "PersistenceController+History.swift"; sourceTree = "<group>"; };
		40C6211D2755AFB500015301 /* SharePickerView.swift */ = {isa = PBXFileReference; lastKnownFileType = sourcecode.swift; path = SharePickerView.swift; sourceTree = "<group>"; };
		40D68E932719101A00FB9B78 /* PersistenceController+Deduplicate.swift */ = {isa = PBXFileReference; lastKnownFileType = sourcecode.swift; path = "PersistenceController+Deduplicate.swift"; sourceTree = "<group>"; };
		40DD8C6629B50F1C00F33278 /* PhotoSelectorView.swift */ = {isa = PBXFileReference; lastKnownFileType = sourcecode.swift; path = PhotoSelectorView.swift; sourceTree = "<group>"; };
		987F6E8525D5DA6A6A97A01E /* SampleCode.xcconfig */ = {isa = PBXFileReference; lastKnownFileType = text.xcconfig; name = SampleCode.xcconfig; path = Configuration/SampleCode.xcconfig; sourceTree = "<group>"; };
		B24732F33201E3732F237ECB /* LICENSE.txt */ = {isa = PBXFileReference; includeInIndex = 1; lastKnownFileType = text; path = LICENSE.txt; sourceTree = "<group>"; };
		DC2B9F102BEE2069000F059D /* APIRequest.swift */ = {isa = PBXFileReference; fileEncoding = 4; lastKnownFileType = sourcecode.swift; path = APIRequest.swift; sourceTree = "<group>"; };
		DC2B9F112BEE2069000F059D /* APIResource.swift */ = {isa = PBXFileReference; fileEncoding = 4; lastKnownFileType = sourcecode.swift; path = APIResource.swift; sourceTree = "<group>"; };
		DC2B9F122BEE2069000F059D /* ImageRequest.swift */ = {isa = PBXFileReference; fileEncoding = 4; lastKnownFileType = sourcecode.swift; path = ImageRequest.swift; sourceTree = "<group>"; };
		DC2B9F132BEE2069000F059D /* JSONDecoder+API.swift */ = {isa = PBXFileReference; fileEncoding = 4; lastKnownFileType = sourcecode.swift; path = "JSONDecoder+API.swift"; sourceTree = "<group>"; };
		DC2B9F142BEE2069000F059D /* Loadable.swift */ = {isa = PBXFileReference; fileEncoding = 4; lastKnownFileType = sourcecode.swift; path = Loadable.swift; sourceTree = "<group>"; };
		DC2B9F152BEE2069000F059D /* NetworkRequest.swift */ = {isa = PBXFileReference; fileEncoding = 4; lastKnownFileType = sourcecode.swift; path = NetworkRequest.swift; sourceTree = "<group>"; };
		DC2B9F172BEE2069000F059D /* TheTVDB.swift */ = {isa = PBXFileReference; fileEncoding = 4; lastKnownFileType = sourcecode.swift; path = TheTVDB.swift; sourceTree = "<group>"; };
		DC2B9F182BEE2069000F059D /* TripAdvisor.swift */ = {isa = PBXFileReference; fileEncoding = 4; lastKnownFileType = sourcecode.swift; path = TripAdvisor.swift; sourceTree = "<group>"; };
		DC2B9F1A2BEE2069000F059D /* TheTVDBAPIResource.swift */ = {isa = PBXFileReference; fileEncoding = 4; lastKnownFileType = sourcecode.swift; path = TheTVDBAPIResource.swift; sourceTree = "<group>"; };
		DC2B9F1B2BEE2069000F059D /* TripAdvisorAPIResource.swift */ = {isa = PBXFileReference; fileEncoding = 4; lastKnownFileType = sourcecode.swift; path = TripAdvisorAPIResource.swift; sourceTree = "<group>"; };
		DC2B9F1E2BEE2069000F059D /* ContentView.swift */ = {isa = PBXFileReference; fileEncoding = 4; lastKnownFileType = sourcecode.swift; path = ContentView.swift; sourceTree = "<group>"; };
		DC2B9F1F2BEE2069000F059D /* TheTVDBSeriesListView.swift */ = {isa = PBXFileReference; fileEncoding = 4; lastKnownFileType = sourcecode.swift; path = TheTVDBSeriesListView.swift; sourceTree = "<group>"; };
		DC2B9F202BEE2069000F059D /* TheTVDBSeriesSearchView.Model.swift */ = {isa = PBXFileReference; fileEncoding = 4; lastKnownFileType = sourcecode.swift; path = TheTVDBSeriesSearchView.Model.swift; sourceTree = "<group>"; };
		DC2B9F212BEE2069000F059D /* TheTVDBSeriesSearchView.swift */ = {isa = PBXFileReference; fileEncoding = 4; lastKnownFileType = sourcecode.swift; path = TheTVDBSeriesSearchView.swift; sourceTree = "<group>"; };
		DC2B9F222BEE2069000F059D /* TVShowDetailsView.swift */ = {isa = PBXFileReference; fileEncoding = 4; lastKnownFileType = sourcecode.swift; path = TVShowDetailsView.swift; sourceTree = "<group>"; };
		DC2B9F452BEE209C000F059D /* Optional+formatted.swift */ = {isa = PBXFileReference; fileEncoding = 4; lastKnownFileType = sourcecode.swift; path = "Optional+formatted.swift"; sourceTree = "<group>"; };
		DC2B9F472BEE209D000F059D /* AutoCompleteSearchField.swift */ = {isa = PBXFileReference; fileEncoding = 4; lastKnownFileType = sourcecode.swift; path = AutoCompleteSearchField.swift; sourceTree = "<group>"; };
		DC2B9F482BEE209D000F059D /* AutoCompleteTextField.swift */ = {isa = PBXFileReference; fileEncoding = 4; lastKnownFileType = sourcecode.swift; path = AutoCompleteTextField.swift; sourceTree = "<group>"; };
		DC2B9F492BEE209D000F059D /* PredictingTextField.swift */ = {isa = PBXFileReference; fileEncoding = 4; lastKnownFileType = sourcecode.swift; path = PredictingTextField.swift; sourceTree = "<group>"; };
		DC2B9F532BEE20C5000F059D /* PreviewData.swift */ = {isa = PBXFileReference; fileEncoding = 4; lastKnownFileType = sourcecode.swift; path = PreviewData.swift; sourceTree = "<group>"; };
		DC2B9F542BEE20C5000F059D /* TheTVDBSearchResult.json */ = {isa = PBXFileReference; fileEncoding = 4; lastKnownFileType = text.json; path = TheTVDBSearchResult.json; sourceTree = "<group>"; };
		DC2B9F682BEE2142000F059D /* JourneyJarShareTests.xctest */ = {isa = PBXFileReference; explicitFileType = wrapper.cfbundle; includeInIndex = 0; path = JourneyJarShareTests.xctest; sourceTree = BUILT_PRODUCTS_DIR; };
		DC2B9F6A2BEE2142000F059D /* WeJourneyShareTests.swift */ = {isa = PBXFileReference; lastKnownFileType = sourcecode.swift; path = WeJourneyShareTests.swift; sourceTree = "<group>"; };
		DC2B9F752BEE218B000F059D /* JourneyJarShareUITests.xctest */ = {isa = PBXFileReference; explicitFileType = wrapper.cfbundle; includeInIndex = 0; path = JourneyJarShareUITests.xctest; sourceTree = BUILT_PRODUCTS_DIR; };
		DC2B9F772BEE218B000F059D /* WeJourneyShareUITests.swift */ = {isa = PBXFileReference; lastKnownFileType = sourcecode.swift; path = WeJourneyShareUITests.swift; sourceTree = "<group>"; };
		DC2B9F792BEE218B000F059D /* WeJourneyShareUITestsLaunchTests.swift */ = {isa = PBXFileReference; lastKnownFileType = sourcecode.swift; path = WeJourneyShareUITestsLaunchTests.swift; sourceTree = "<group>"; };
		DC2B9F812BEE221C000F059D /* WeJourney.xcdatamodel */ = {isa = PBXFileReference; lastKnownFileType = wrapper.xcdatamodel; path = WeJourney.xcdatamodel; sourceTree = "<group>"; };
		DC2B9F862BEE3F02000F059D /* URL.swift */ = {isa = PBXFileReference; lastKnownFileType = sourcecode.swift; path = URL.swift; sourceTree = "<group>"; };
		DC2B9F8E2BEFC7C7000F059D /* Obsolete.swift */ = {isa = PBXFileReference; lastKnownFileType = sourcecode.swift; path = Obsolete.swift; sourceTree = "<group>"; };
/* End PBXFileReference section */

/* Begin PBXFrameworksBuildPhase section */
		407A0CEC2707D0CD00F481C5 /* Frameworks */ = {
			isa = PBXFrameworksBuildPhase;
			buildActionMask = 2147483647;
			files = (
				407A0CED2707D0CD00F481C5 /* CloudKit.framework in Frameworks */,
			);
			runOnlyForDeploymentPostprocessing = 0;
		};
		407D7CE527024EBD00D2BA90 /* Frameworks */ = {
			isa = PBXFrameworksBuildPhase;
			buildActionMask = 2147483647;
			files = (
				407D7D0A2702502400D2BA90 /* CloudKit.framework in Frameworks */,
			);
			runOnlyForDeploymentPostprocessing = 0;
		};
		407D7D122702556800D2BA90 /* Frameworks */ = {
			isa = PBXFrameworksBuildPhase;
			buildActionMask = 2147483647;
			files = (
				407D7D39270262EF00D2BA90 /* CloudKit.framework in Frameworks */,
			);
			runOnlyForDeploymentPostprocessing = 0;
		};
		DC2B9F652BEE2142000F059D /* Frameworks */ = {
			isa = PBXFrameworksBuildPhase;
			buildActionMask = 2147483647;
			files = (
			);
			runOnlyForDeploymentPostprocessing = 0;
		};
		DC2B9F722BEE218B000F059D /* Frameworks */ = {
			isa = PBXFrameworksBuildPhase;
			buildActionMask = 2147483647;
			files = (
			);
			runOnlyForDeploymentPostprocessing = 0;
		};
/* End PBXFrameworksBuildPhase section */

/* Begin PBXGroup section */
		2688BA1F747563B6A38275FD /* Configuration */ = {
			isa = PBXGroup;
			children = (
				987F6E8525D5DA6A6A97A01E /* SampleCode.xcconfig */,
			);
			name = Configuration;
			sourceTree = "<group>";
		};
		403177D52742DF030048F2DC /* Views */ = {
			isa = PBXGroup;
			children = (
				403177D72742F4F70048F2DC /* SwiftUIHelper.swift */,
				407D7CED27024EBD00D2BA90 /* PhotoGridView.swift */,
				407D7D622703A27000D2BA90 /* PhotoGridItemView.swift */,
				4035B60D27150DA100F46D6B /* PhotoContextMenu.swift */,
				40DD8C6629B50F1C00F33278 /* PhotoSelectorView.swift */,
				4026B867270A19390060F0F7 /* TaggingView.swift */,
				40527E16270BBE3400DB2901 /* RatingView.swift */,
				40744288270FAFB3009CABC7 /* ParticipantView.swift */,
				408BD4D92713B29900294A81 /* AddToExistingShareView.swift */,
				408BD4DB2713F0F400294A81 /* ManagingSharesView.swift */,
				40C6211D2755AFB500015301 /* SharePickerView.swift */,
				405831692767DCDE0044E86D /* FullImageView.swift */,
			);
			path = Views;
			sourceTree = "<group>";
		};
		407D7CDF27024EBD00D2BA90 = {
			isa = PBXGroup;
			children = (
				DC2B9F8E2BEFC7C7000F059D /* Obsolete.swift */,
				407D7CFE27024F4100D2BA90 /* README.md */,
				DC2B9F1D2BEE2069000F059D /* API Providers */,
				DC2B9F232BEE2069000F059D /* API Views */,
				DC2B9F242BEE2069000F059D /* Model */,
				407D7CFF27024F5D00D2BA90 /* Persistence */,
				DC2B9F462BEE209C000F059D /* Swift Helpers */,
				DC2B9F4A2BEE209D000F059D /* SwiftUI Helpers */,
				403177D52742DF030048F2DC /* Views */,
				407D7CEA27024EBD00D2BA90 /* JourneyJar */,
				407D7D0E2702556600D2BA90 /* JourneyJarOnWatch */,
				DC2B9F692BEE2142000F059D /* WeJourneyShareTests */,
				DC2B9F762BEE218B000F059D /* WeJourneyShareUITests */,
				407D7CE927024EBD00D2BA90 /* Products */,
				407D7D082702502400D2BA90 /* Frameworks */,
				2688BA1F747563B6A38275FD /* Configuration */,
				8909BB0CE269AA3B6CDD6200 /* LICENSE */,
			);
			sourceTree = "<group>";
		};
		407D7CE927024EBD00D2BA90 /* Products */ = {
			isa = PBXGroup;
			children = (
				407D7CE827024EBD00D2BA90 /* JourneyJarShare.app */,
				407D7D0D2702556600D2BA90 /* JourneyJarShareOnWatch.app */,
				407A0CF62707D0CD00F481C5 /* InitializeCloudKitSchema.app */,
				DC2B9F682BEE2142000F059D /* JourneyJarShareTests.xctest */,
				DC2B9F752BEE218B000F059D /* JourneyJarShareUITests.xctest */,
			);
			name = Products;
			sourceTree = "<group>";
		};
		407D7CEA27024EBD00D2BA90 /* JourneyJar */ = {
			isa = PBXGroup;
			children = (
				407D7D072702502200D2BA90 /* WeJourneyShare.entitlements */,
				407D7CEB27024EBD00D2BA90 /* WeJourneyShareApp.swift */,
				407D7D6C2704335A00D2BA90 /* AppDelegate_iOS.swift */,
				4027C7EF29AC195E00D62EE9 /* AppDelegate_macOS.swift */,
				407D7D6A2704334400D2BA90 /* SceneDelegate.swift */,
				407D7D36270262C500D2BA90 /* Info.plist */,
				407D7CEF27024EBE00D2BA90 /* Assets.xcassets */,
				DC2B9F802BEE221C000F059D /* WeJourney.xcdatamodeld */,
				407D7CF127024EBE00D2BA90 /* Preview Content */,
			);
			path = JourneyJar;
			sourceTree = "<group>";
		};
		407D7CF127024EBE00D2BA90 /* Preview Content */ = {
			isa = PBXGroup;
			children = (
				DC2B9F532BEE20C5000F059D /* PreviewData.swift */,
				DC2B9F542BEE20C5000F059D /* TheTVDBSearchResult.json */,
				407D7CF227024EBE00D2BA90 /* Preview Assets.xcassets */,
			);
			path = "Preview Content";
			sourceTree = "<group>";
		};
		407D7CFF27024F5D00D2BA90 /* Persistence */ = {
			isa = PBXGroup;
			children = (
				4040ECEF29A98CF000E9217F /* CloudKitHelper.swift */,
				40AE53F02719F98C00B978CA /* CoreDataHelper.swift */,
				407D7D0027024F5D00D2BA90 /* PersistenceController.swift */,
				407D7D5E2703878000D2BA90 /* PersistenceController+Photo.swift */,
				407D7D602703880E00D2BA90 /* PersistenceController+Tag.swift */,
				40527E18270BC8FE00DB2901 /* PersistenceController+Rating.swift */,
				40BF672C273B17A200ED9D2D /* PersistenceController+History.swift */,
				40D68E932719101A00FB9B78 /* PersistenceController+Deduplicate.swift */,
				4074428A270FB2B5009CABC7 /* PersistenceController+SharingUtilities.swift */,
				403C735E29BBA7FA0098ADE2 /* PersistenceController+UISharingController.swift */,
				403C736029BBA8680098ADE2 /* PersistenceController+NSSharingService.swift */,
				407D7CF627024EBE00D2BA90 /* CloudKitShare.xcdatamodeld */,
			);
			path = Persistence;
			sourceTree = "<group>";
		};
		407D7D082702502400D2BA90 /* Frameworks */ = {
			isa = PBXGroup;
			children = (
				407D7D38270262EF00D2BA90 /* CloudKit.framework */,
				407D7D092702502400D2BA90 /* CloudKit.framework */,
			);
			name = Frameworks;
			sourceTree = "<group>";
		};
		407D7D0E2702556600D2BA90 /* JourneyJarOnWatch */ = {
			isa = PBXGroup;
			children = (
				407D7D37270262ED00D2BA90 /* WeJourneyShareOnWatch.entitlements */,
				407D7D1A2702556800D2BA90 /* WeJourneyShareApp.swift */,
				401C06EC276E9D790024D92C /* AppDelegate.swift */,
				406193C22755686C006EC5D8 /* Info.plist */,
				407D7D0F2702556700D2BA90 /* Assets.xcassets */,
			);
			path = JourneyJarOnWatch;
			sourceTree = "<group>";
		};
		8909BB0CE269AA3B6CDD6200 /* LICENSE */ = {
			isa = PBXGroup;
			children = (
				B24732F33201E3732F237ECB /* LICENSE.txt */,
			);
			name = LICENSE;
			sourceTree = "<group>";
		};
		DC2B9F162BEE2069000F059D /* API */ = {
			isa = PBXGroup;
			children = (
				DC2B9F102BEE2069000F059D /* APIRequest.swift */,
				DC2B9F112BEE2069000F059D /* APIResource.swift */,
				DC2B9F122BEE2069000F059D /* ImageRequest.swift */,
				DC2B9F132BEE2069000F059D /* JSONDecoder+API.swift */,
				DC2B9F142BEE2069000F059D /* Loadable.swift */,
				DC2B9F152BEE2069000F059D /* NetworkRequest.swift */,
			);
			path = API;
			sourceTree = "<group>";
		};
		DC2B9F192BEE2069000F059D /* Models */ = {
			isa = PBXGroup;
			children = (
				DC2B9F172BEE2069000F059D /* TheTVDB.swift */,
				DC2B9F182BEE2069000F059D /* TripAdvisor.swift */,
			);
			path = Models;
			sourceTree = "<group>";
		};
		DC2B9F1C2BEE2069000F059D /* Resources */ = {
			isa = PBXGroup;
			children = (
				DC2B9F1A2BEE2069000F059D /* TheTVDBAPIResource.swift */,
				DC2B9F1B2BEE2069000F059D /* TripAdvisorAPIResource.swift */,
			);
			path = Resources;
			sourceTree = "<group>";
		};
		DC2B9F1D2BEE2069000F059D /* API Providers */ = {
			isa = PBXGroup;
			children = (
				DC2B9F162BEE2069000F059D /* API */,
				DC2B9F192BEE2069000F059D /* Models */,
				DC2B9F1C2BEE2069000F059D /* Resources */,
			);
			path = "API Providers";
			sourceTree = "<group>";
		};
		DC2B9F232BEE2069000F059D /* API Views */ = {
			isa = PBXGroup;
			children = (
				DC2B9F1E2BEE2069000F059D /* ContentView.swift */,
				DC2B9F1F2BEE2069000F059D /* TheTVDBSeriesListView.swift */,
				DC2B9F202BEE2069000F059D /* TheTVDBSeriesSearchView.Model.swift */,
				DC2B9F212BEE2069000F059D /* TheTVDBSeriesSearchView.swift */,
				DC2B9F222BEE2069000F059D /* TVShowDetailsView.swift */,
			);
			path = "API Views";
			sourceTree = "<group>";
		};
		DC2B9F242BEE2069000F059D /* Model */ = {
			isa = PBXGroup;
			children = (
			);
			path = Model;
			sourceTree = "<group>";
		};
		DC2B9F462BEE209C000F059D /* Swift Helpers */ = {
			isa = PBXGroup;
			children = (
				DC2B9F452BEE209C000F059D /* Optional+formatted.swift */,
				DC2B9F862BEE3F02000F059D /* URL.swift */,
			);
			path = "Swift Helpers";
			sourceTree = "<group>";
		};
		DC2B9F4A2BEE209D000F059D /* SwiftUI Helpers */ = {
			isa = PBXGroup;
			children = (
				DC2B9F472BEE209D000F059D /* AutoCompleteSearchField.swift */,
				DC2B9F482BEE209D000F059D /* AutoCompleteTextField.swift */,
				DC2B9F492BEE209D000F059D /* PredictingTextField.swift */,
			);
			path = "SwiftUI Helpers";
			sourceTree = "<group>";
		};
		DC2B9F692BEE2142000F059D /* WeJourneyShareTests */ = {
			isa = PBXGroup;
			children = (
				DC2B9F6A2BEE2142000F059D /* WeJourneyShareTests.swift */,
			);
			path = WeJourneyShareTests;
			sourceTree = "<group>";
		};
		DC2B9F762BEE218B000F059D /* WeJourneyShareUITests */ = {
			isa = PBXGroup;
			children = (
				DC2B9F772BEE218B000F059D /* WeJourneyShareUITests.swift */,
				DC2B9F792BEE218B000F059D /* WeJourneyShareUITestsLaunchTests.swift */,
			);
			path = WeJourneyShareUITests;
			sourceTree = "<group>";
		};
/* End PBXGroup section */

/* Begin PBXNativeTarget section */
		407A0CD92707D0CD00F481C5 /* InitializeCloudKitSchema */ = {
			isa = PBXNativeTarget;
			buildConfigurationList = 407A0CF32707D0CD00F481C5 /* Build configuration list for PBXNativeTarget "InitializeCloudKitSchema" */;
			buildPhases = (
				407A0CDC2707D0CD00F481C5 /* Sources */,
				407A0CEC2707D0CD00F481C5 /* Frameworks */,
				407A0CEE2707D0CD00F481C5 /* Resources */,
				407A0CF12707D0CD00F481C5 /* Embed Watch Content */,
			);
			buildRules = (
			);
			dependencies = (
			);
			name = InitializeCloudKitSchema;
			productName = CoreDataCloudKitShare;
			productReference = 407A0CF62707D0CD00F481C5 /* InitializeCloudKitSchema.app */;
			productType = "com.apple.product-type.application";
		};
		407D7CE727024EBD00D2BA90 /* JourneyJarShare */ = {
			isa = PBXNativeTarget;
			buildConfigurationList = 407D7CFB27024EBE00D2BA90 /* Build configuration list for PBXNativeTarget "JourneyJarShare" */;
			buildPhases = (
				407D7CE427024EBD00D2BA90 /* Sources */,
				407D7CE527024EBD00D2BA90 /* Frameworks */,
				407D7CE627024EBD00D2BA90 /* Resources */,
				407D7D2E2702556900D2BA90 /* Embed Watch Content */,
			);
			buildRules = (
			);
			dependencies = (
				407D7D2C2702556900D2BA90 /* PBXTargetDependency */,
			);
			name = JourneyJarShare;
			productName = CoreDataCloudKitShare;
			productReference = 407D7CE827024EBD00D2BA90 /* JourneyJarShare.app */;
			productType = "com.apple.product-type.application";
		};
		407D7D0C2702556600D2BA90 /* JourneyJarShareOnWatch */ = {
			isa = PBXNativeTarget;
			buildConfigurationList = 407D7D352702556900D2BA90 /* Build configuration list for PBXNativeTarget "JourneyJarShareOnWatch" */;
			buildPhases = (
				407D7D0B2702556600D2BA90 /* Resources */,
				407D7D112702556800D2BA90 /* Sources */,
				407D7D122702556800D2BA90 /* Frameworks */,
			);
			buildRules = (
			);
			dependencies = (
			);
			name = JourneyJarShareOnWatch;
			productName = CoreDataCloudKitShareOnWatch;
			productReference = 407D7D0D2702556600D2BA90 /* JourneyJarShareOnWatch.app */;
			productType = "com.apple.product-type.application";
		};
		DC2B9F672BEE2142000F059D /* JourneyJarShareTests */ = {
			isa = PBXNativeTarget;
			buildConfigurationList = DC2B9F6E2BEE2143000F059D /* Build configuration list for PBXNativeTarget "JourneyJarShareTests" */;
			buildPhases = (
				DC2B9F642BEE2142000F059D /* Sources */,
				DC2B9F652BEE2142000F059D /* Frameworks */,
				DC2B9F662BEE2142000F059D /* Resources */,
			);
			buildRules = (
			);
			dependencies = (
				DC2B9F6D2BEE2142000F059D /* PBXTargetDependency */,
			);
			name = JourneyJarShareTests;
			productName = WeJourneyShareTests;
			productReference = DC2B9F682BEE2142000F059D /* JourneyJarShareTests.xctest */;
			productType = "com.apple.product-type.bundle.unit-test";
		};
		DC2B9F742BEE218B000F059D /* JourneyJarShareUITests */ = {
			isa = PBXNativeTarget;
			buildConfigurationList = DC2B9F7D2BEE218B000F059D /* Build configuration list for PBXNativeTarget "JourneyJarShareUITests" */;
			buildPhases = (
				DC2B9F712BEE218B000F059D /* Sources */,
				DC2B9F722BEE218B000F059D /* Frameworks */,
				DC2B9F732BEE218B000F059D /* Resources */,
			);
			buildRules = (
			);
			dependencies = (
				DC2B9F7C2BEE218B000F059D /* PBXTargetDependency */,
			);
			name = JourneyJarShareUITests;
			productName = WeJourneyShareUITests;
			productReference = DC2B9F752BEE218B000F059D /* JourneyJarShareUITests.xctest */;
			productType = "com.apple.product-type.bundle.ui-testing";
		};
/* End PBXNativeTarget section */

/* Begin PBXProject section */
		407D7CE027024EBD00D2BA90 /* Project object */ = {
			isa = PBXProject;
			attributes = {
				BuildIndependentTargetsInParallel = 1;
				DefaultBuildSystemTypeForWorkspace = Latest;
				LastSwiftUpdateCheck = 1530;
				LastUpgradeCheck = 1530;
				ORGANIZATIONNAME = Apple;
				TargetAttributes = {
					407D7CE727024EBD00D2BA90 = {
						CreatedOnToolsVersion = 13.0;
					};
					407D7D0C2702556600D2BA90 = {
						CreatedOnToolsVersion = 13.0;
					};
					DC2B9F672BEE2142000F059D = {
						CreatedOnToolsVersion = 15.3;
						TestTargetID = 407D7CE727024EBD00D2BA90;
					};
					DC2B9F742BEE218B000F059D = {
						CreatedOnToolsVersion = 15.3;
						TestTargetID = 407D7CE727024EBD00D2BA90;
					};
				};
			};
			buildConfigurationList = 407D7CE327024EBD00D2BA90 /* Build configuration list for PBXProject "JourneyJar" */;
			compatibilityVersion = "Xcode 13.0";
			developmentRegion = en;
			hasScannedForEncodings = 0;
			knownRegions = (
				en,
				Base,
			);
			mainGroup = 407D7CDF27024EBD00D2BA90;
			productRefGroup = 407D7CE927024EBD00D2BA90 /* Products */;
			projectDirPath = "";
			projectRoot = "";
			targets = (
				407D7CE727024EBD00D2BA90 /* JourneyJarShare */,
				407A0CD92707D0CD00F481C5 /* InitializeCloudKitSchema */,
				407D7D0C2702556600D2BA90 /* JourneyJarShareOnWatch */,
				DC2B9F672BEE2142000F059D /* JourneyJarShareTests */,
				DC2B9F742BEE218B000F059D /* JourneyJarShareUITests */,
			);
		};
/* End PBXProject section */

/* Begin PBXResourcesBuildPhase section */
		407A0CEE2707D0CD00F481C5 /* Resources */ = {
			isa = PBXResourcesBuildPhase;
			buildActionMask = 2147483647;
			files = (
				407A0CEF2707D0CD00F481C5 /* Preview Assets.xcassets in Resources */,
				407A0CF02707D0CD00F481C5 /* Assets.xcassets in Resources */,
			);
			runOnlyForDeploymentPostprocessing = 0;
		};
		407D7CE627024EBD00D2BA90 /* Resources */ = {
			isa = PBXResourcesBuildPhase;
			buildActionMask = 2147483647;
			files = (
				407D7CF327024EBE00D2BA90 /* Preview Assets.xcassets in Resources */,
				407D7CF027024EBE00D2BA90 /* Assets.xcassets in Resources */,
				DC2B9F572BEE20C5000F059D /* TheTVDBSearchResult.json in Resources */,
			);
			runOnlyForDeploymentPostprocessing = 0;
		};
		407D7D0B2702556600D2BA90 /* Resources */ = {
			isa = PBXResourcesBuildPhase;
			buildActionMask = 2147483647;
			files = (
				DC2B9F582BEE20C5000F059D /* TheTVDBSearchResult.json in Resources */,
				407D7D102702556700D2BA90 /* Assets.xcassets in Resources */,
			);
			runOnlyForDeploymentPostprocessing = 0;
		};
		DC2B9F662BEE2142000F059D /* Resources */ = {
			isa = PBXResourcesBuildPhase;
			buildActionMask = 2147483647;
			files = (
			);
			runOnlyForDeploymentPostprocessing = 0;
		};
		DC2B9F732BEE218B000F059D /* Resources */ = {
			isa = PBXResourcesBuildPhase;
			buildActionMask = 2147483647;
			files = (
			);
			runOnlyForDeploymentPostprocessing = 0;
		};
/* End PBXResourcesBuildPhase section */

/* Begin PBXSourcesBuildPhase section */
		407A0CDC2707D0CD00F481C5 /* Sources */ = {
			isa = PBXSourcesBuildPhase;
			buildActionMask = 2147483647;
			files = (
				4027C7F129AC1A3200D62EE9 /* AppDelegate_macOS.swift in Sources */,
				407A0CDE2707D0CD00F481C5 /* SceneDelegate.swift in Sources */,
				407A0CE02707D0CD00F481C5 /* AppDelegate_iOS.swift in Sources */,
				407A0CE12707D0CD00F481C5 /* PersistenceController.swift in Sources */,
				40BBEB0129AC1DDC00257BB2 /* SwiftUIHelper.swift in Sources */,
				407A0CEA2707D0CD00F481C5 /* CloudKitShare.xcdatamodeld in Sources */,
				40BF6728273B0B7400ED9D2D /* WeJourneyShareApp.swift in Sources */,
			);
			runOnlyForDeploymentPostprocessing = 0;
		};
		407D7CE427024EBD00D2BA90 /* Sources */ = {
			isa = PBXSourcesBuildPhase;
			buildActionMask = 2147483647;
			files = (
				407D7D6B2704334400D2BA90 /* SceneDelegate.swift in Sources */,
				DC2B9F332BEE2069000F059D /* TheTVDB.swift in Sources */,
				DC2B9F432BEE206A000F059D /* TVShowDetailsView.swift in Sources */,
				40AE53F12719F98C00B978CA /* CoreDataHelper.swift in Sources */,
				407D7D6D2704335A00D2BA90 /* AppDelegate_iOS.swift in Sources */,
				DC2B9F412BEE2069000F059D /* TheTVDBSeriesSearchView.swift in Sources */,
				DC2B9F512BEE209D000F059D /* PredictingTextField.swift in Sources */,
				DC2B9F392BEE2069000F059D /* TripAdvisorAPIResource.swift in Sources */,
				40BF672F273B17A900ED9D2D /* PersistenceController+History.swift in Sources */,
				408BD4DA2713B29900294A81 /* AddToExistingShareView.swift in Sources */,
				403C736229BBAD1E0098ADE2 /* PersistenceController+NSSharingService.swift in Sources */,
				4058316A2767DCDE0044E86D /* FullImageView.swift in Sources */,
				DC2B9F4D2BEE209D000F059D /* AutoCompleteSearchField.swift in Sources */,
				DC2B9F4F2BEE209D000F059D /* AutoCompleteTextField.swift in Sources */,
				4035B60E27150DA100F46D6B /* PhotoContextMenu.swift in Sources */,
				DC2B9F2F2BEE2069000F059D /* Loadable.swift in Sources */,
				4074428B270FB2B5009CABC7 /* PersistenceController+SharingUtilities.swift in Sources */,
				40D68E942719101A00FB9B78 /* PersistenceController+Deduplicate.swift in Sources */,
				407D7D0427024F5D00D2BA90 /* PersistenceController.swift in Sources */,
				40744289270FAFB3009CABC7 /* ParticipantView.swift in Sources */,
				DC2B9F312BEE2069000F059D /* NetworkRequest.swift in Sources */,
				403177D82742F4F70048F2DC /* SwiftUIHelper.swift in Sources */,
				407D7CEE27024EBD00D2BA90 /* PhotoGridView.swift in Sources */,
				DC2B9F8F2BEFC7C7000F059D /* Obsolete.swift in Sources */,
				408BD4DC2713F0F400294A81 /* ManagingSharesView.swift in Sources */,
				DC2B9F3F2BEE2069000F059D /* TheTVDBSeriesSearchView.Model.swift in Sources */,
				4027C7F029AC195E00D62EE9 /* AppDelegate_macOS.swift in Sources */,
				DC2B9F372BEE2069000F059D /* TheTVDBAPIResource.swift in Sources */,
				DC2B9F2D2BEE2069000F059D /* JSONDecoder+API.swift in Sources */,
				40527E19270BC8FE00DB2901 /* PersistenceController+Rating.swift in Sources */,
				4040ECF029A98CF000E9217F /* CloudKitHelper.swift in Sources */,
				407D7D612703880E00D2BA90 /* PersistenceController+Tag.swift in Sources */,
				DC2B9F552BEE20C5000F059D /* PreviewData.swift in Sources */,
				DC2B9F3B2BEE2069000F059D /* ContentView.swift in Sources */,
				407D7CEC27024EBD00D2BA90 /* WeJourneyShareApp.swift in Sources */,
				DC2B9F292BEE2069000F059D /* APIResource.swift in Sources */,
				DC2B9F872BEE3F02000F059D /* URL.swift in Sources */,
				DC2B9F3D2BEE2069000F059D /* TheTVDBSeriesListView.swift in Sources */,
				40527E17270BBE3400DB2901 /* RatingView.swift in Sources */,
				407D7D5F2703878000D2BA90 /* PersistenceController+Photo.swift in Sources */,
				403C735F29BBA7FA0098ADE2 /* PersistenceController+UISharingController.swift in Sources */,
				DC2B9F2B2BEE2069000F059D /* ImageRequest.swift in Sources */,
				40DD8C6729B50F1C00F33278 /* PhotoSelectorView.swift in Sources */,
				407D7CF827024EBE00D2BA90 /* CloudKitShare.xcdatamodeld in Sources */,
				407D7D632703A27000D2BA90 /* PhotoGridItemView.swift in Sources */,
				40C6211E2755AFB500015301 /* SharePickerView.swift in Sources */,
				DC2B9F352BEE2069000F059D /* TripAdvisor.swift in Sources */,
				DC2B9F272BEE2069000F059D /* APIRequest.swift in Sources */,
				4026B868270A19390060F0F7 /* TaggingView.swift in Sources */,
				DC2B9F822BEE221C000F059D /* WeJourney.xcdatamodeld in Sources */,
				DC2B9F4B2BEE209D000F059D /* Optional+formatted.swift in Sources */,
			);
			runOnlyForDeploymentPostprocessing = 0;
		};
		407D7D112702556800D2BA90 /* Sources */ = {
			isa = PBXSourcesBuildPhase;
			buildActionMask = 2147483647;
			files = (
				40B6201F273AFD3400B27D3D /* CoreDataHelper.swift in Sources */,
				40B62020273AFD3700B27D3D /* PersistenceController.swift in Sources */,
				DC2B9F422BEE206A000F059D /* TheTVDBSeriesSearchView.swift in Sources */,
				DC2B9F282BEE2069000F059D /* APIRequest.swift in Sources */,
				DC2B9F4E2BEE209D000F059D /* AutoCompleteSearchField.swift in Sources */,
				DC2B9F562BEE20C5000F059D /* PreviewData.swift in Sources */,
				40BF672E273B17A500ED9D2D /* PersistenceController+History.swift in Sources */,
				DC2B9F322BEE2069000F059D /* NetworkRequest.swift in Sources */,
				DC2B9F902BEFC7C7000F059D /* Obsolete.swift in Sources */,
				403177DB27430E340048F2DC /* ParticipantView.swift in Sources */,
				DC2B9F882BEE3F02000F059D /* URL.swift in Sources */,
				DC2B9F502BEE209D000F059D /* AutoCompleteTextField.swift in Sources */,
				DC2B9F2C2BEE2069000F059D /* ImageRequest.swift in Sources */,
				403177DA27430A800048F2DC /* PhotoGridView.swift in Sources */,
				403177DD274310B50048F2DC /* ManagingSharesView.swift in Sources */,
				40B62024273AFD9900B27D3D /* PersistenceController+Tag.swift in Sources */,
				DC2B9F4C2BEE209D000F059D /* Optional+formatted.swift in Sources */,
				40B62021273AFD6700B27D3D /* CloudKitShare.xcdatamodeld in Sources */,
				403177DC274310690048F2DC /* AddToExistingShareView.swift in Sources */,
				40B62027273AFDC600B27D3D /* PersistenceController+Photo.swift in Sources */,
				403177DE27432CE40048F2DC /* PhotoContextMenu.swift in Sources */,
				DC2B9F402BEE2069000F059D /* TheTVDBSeriesSearchView.Model.swift in Sources */,
				DC2B9F3C2BEE2069000F059D /* ContentView.swift in Sources */,
				401C06ED276E9D790024D92C /* AppDelegate.swift in Sources */,
				403177D92742F4F70048F2DC /* SwiftUIHelper.swift in Sources */,
				403177D42742DB270048F2DC /* TaggingView.swift in Sources */,
				40B62022273AFD9300B27D3D /* PersistenceController+Deduplicate.swift in Sources */,
				4058316B2767F0ED0044E86D /* FullImageView.swift in Sources */,
				DC2B9F442BEE206A000F059D /* TVShowDetailsView.swift in Sources */,
				DC2B9F522BEE209D000F059D /* PredictingTextField.swift in Sources */,
				40DD8C6829B50F1C00F33278 /* PhotoSelectorView.swift in Sources */,
				DC2B9F382BEE2069000F059D /* TheTVDBAPIResource.swift in Sources */,
				407D7D1B2702556800D2BA90 /* WeJourneyShareApp.swift in Sources */,
				40BACC0B2740646E00F12CBD /* PersistenceController+SharingUtilities.swift in Sources */,
				DC2B9F362BEE2069000F059D /* TripAdvisor.swift in Sources */,
				4040ECF229A98DD400E9217F /* CloudKitHelper.swift in Sources */,
				40C6211F2755AFB500015301 /* SharePickerView.swift in Sources */,
				DC2B9F2A2BEE2069000F059D /* APIResource.swift in Sources */,
				DC2B9F342BEE2069000F059D /* TheTVDB.swift in Sources */,
				403177D62742F4B40048F2DC /* PhotoGridItemView.swift in Sources */,
				DC2B9F2E2BEE2069000F059D /* JSONDecoder+API.swift in Sources */,
				DC2B9F3E2BEE2069000F059D /* TheTVDBSeriesListView.swift in Sources */,
				DC2B9F832BEE221C000F059D /* WeJourney.xcdatamodeld in Sources */,
				40B62023273AFD9700B27D3D /* PersistenceController+Rating.swift in Sources */,
				403177D32742D5790048F2DC /* RatingView.swift in Sources */,
				DC2B9F302BEE2069000F059D /* Loadable.swift in Sources */,
				DC2B9F3A2BEE2069000F059D /* TripAdvisorAPIResource.swift in Sources */,
			);
			runOnlyForDeploymentPostprocessing = 0;
		};
		DC2B9F642BEE2142000F059D /* Sources */ = {
			isa = PBXSourcesBuildPhase;
			buildActionMask = 2147483647;
			files = (
				DC2B9F892BEE3F02000F059D /* URL.swift in Sources */,
				DC2B9F842BEE221C000F059D /* WeJourney.xcdatamodeld in Sources */,
				DC2B9F912BEFC7C7000F059D /* Obsolete.swift in Sources */,
				DC2B9F6B2BEE2142000F059D /* WeJourneyShareTests.swift in Sources */,
			);
			runOnlyForDeploymentPostprocessing = 0;
		};
		DC2B9F712BEE218B000F059D /* Sources */ = {
			isa = PBXSourcesBuildPhase;
			buildActionMask = 2147483647;
			files = (
				DC2B9F782BEE218B000F059D /* WeJourneyShareUITests.swift in Sources */,
				DC2B9F7A2BEE218B000F059D /* WeJourneyShareUITestsLaunchTests.swift in Sources */,
				DC2B9F852BEE221C000F059D /* WeJourney.xcdatamodeld in Sources */,
				DC2B9F922BEFC7C7000F059D /* Obsolete.swift in Sources */,
				DC2B9F8A2BEE3F02000F059D /* URL.swift in Sources */,
			);
			runOnlyForDeploymentPostprocessing = 0;
		};
/* End PBXSourcesBuildPhase section */

/* Begin PBXTargetDependency section */
		407D7D2C2702556900D2BA90 /* PBXTargetDependency */ = {
			isa = PBXTargetDependency;
			target = 407D7D0C2702556600D2BA90 /* JourneyJarShareOnWatch */;
			targetProxy = 407D7D2B2702556900D2BA90 /* PBXContainerItemProxy */;
		};
		DC2B9F6D2BEE2142000F059D /* PBXTargetDependency */ = {
			isa = PBXTargetDependency;
			target = 407D7CE727024EBD00D2BA90 /* JourneyJarShare */;
			targetProxy = DC2B9F6C2BEE2142000F059D /* PBXContainerItemProxy */;
		};
		DC2B9F7C2BEE218B000F059D /* PBXTargetDependency */ = {
			isa = PBXTargetDependency;
			target = 407D7CE727024EBD00D2BA90 /* JourneyJarShare */;
			targetProxy = DC2B9F7B2BEE218B000F059D /* PBXContainerItemProxy */;
		};
/* End PBXTargetDependency section */

/* Begin XCBuildConfiguration section */
		407A0CF42707D0CD00F481C5 /* Debug */ = {
			isa = XCBuildConfiguration;
			baseConfigurationReference = 987F6E8525D5DA6A6A97A01E /* SampleCode.xcconfig */;
			buildSettings = {
				ASSETCATALOG_COMPILER_APPICON_NAME = AppIcon;
				ASSETCATALOG_COMPILER_GLOBAL_ACCENT_COLOR_NAME = AccentColor;
				CODE_SIGN_ENTITLEMENTS = WeJourneyShare/WeJourneyShare.entitlements;
				CODE_SIGN_STYLE = Automatic;
				CURRENT_PROJECT_VERSION = 1;
				DEVELOPMENT_ASSET_PATHS = "\"WeJourneyShare/Preview Content\"";
				DEVELOPMENT_TEAM = 87LWT8ZN7G;
				ENABLE_PREVIEWS = YES;
				GENERATE_INFOPLIST_FILE = YES;
				INFOPLIST_FILE = "WeJourneyShare/InitializeCloudKitSchema-Info.plist";
				INFOPLIST_KEY_UIApplicationSupportsIndirectInputEvents = YES;
				INFOPLIST_KEY_UILaunchScreen_Generation = YES;
				INFOPLIST_KEY_UISupportedInterfaceOrientations_iPad = "UIInterfaceOrientationPortrait UIInterfaceOrientationPortraitUpsideDown UIInterfaceOrientationLandscapeLeft UIInterfaceOrientationLandscapeRight";
				INFOPLIST_KEY_UISupportedInterfaceOrientations_iPhone = "UIInterfaceOrientationPortrait UIInterfaceOrientationLandscapeLeft UIInterfaceOrientationLandscapeRight";
				IPHONEOS_DEPLOYMENT_TARGET = 17.0;
				LD_RUNPATH_SEARCH_PATHS = (
					"$(inherited)",
					"@executable_path/Frameworks",
				);
				MACOSX_DEPLOYMENT_TARGET = 13.3;
				MARKETING_VERSION = 1.0;
				PRODUCT_BUNDLE_IDENTIFIER = com.mourey.WeJourney;
				PRODUCT_NAME = "$(TARGET_NAME)";
				PROVISIONING_PROFILE_SPECIFIER = "";
				SUPPORTED_PLATFORMS = "iphoneos iphonesimulator macosx";
				SUPPORTS_MACCATALYST = NO;
				SUPPORTS_MAC_DESIGNED_FOR_IPHONE_IPAD = NO;
				SWIFT_ACTIVE_COMPILATION_CONDITIONS = "DEBUG InitializeCloudKitSchema";
				SWIFT_EMIT_LOC_STRINGS = YES;
				SWIFT_VERSION = 5.0;
				TARGETED_DEVICE_FAMILY = "1,2";
			};
			name = Debug;
		};
		407A0CF52707D0CD00F481C5 /* Release */ = {
			isa = XCBuildConfiguration;
			baseConfigurationReference = 987F6E8525D5DA6A6A97A01E /* SampleCode.xcconfig */;
			buildSettings = {
				ASSETCATALOG_COMPILER_APPICON_NAME = AppIcon;
				ASSETCATALOG_COMPILER_GLOBAL_ACCENT_COLOR_NAME = AccentColor;
				CODE_SIGN_ENTITLEMENTS = WeJourneyShare/WeJourneyShare.entitlements;
				CODE_SIGN_STYLE = Automatic;
				CURRENT_PROJECT_VERSION = 1;
				DEVELOPMENT_ASSET_PATHS = "\"WeJourneyShare/Preview Content\"";
				DEVELOPMENT_TEAM = 87LWT8ZN7G;
				ENABLE_PREVIEWS = YES;
				GENERATE_INFOPLIST_FILE = YES;
				INFOPLIST_FILE = "WeJourneyShare/InitializeCloudKitSchema-Info.plist";
				INFOPLIST_KEY_UIApplicationSupportsIndirectInputEvents = YES;
				INFOPLIST_KEY_UILaunchScreen_Generation = YES;
				INFOPLIST_KEY_UISupportedInterfaceOrientations_iPad = "UIInterfaceOrientationPortrait UIInterfaceOrientationPortraitUpsideDown UIInterfaceOrientationLandscapeLeft UIInterfaceOrientationLandscapeRight";
				INFOPLIST_KEY_UISupportedInterfaceOrientations_iPhone = "UIInterfaceOrientationPortrait UIInterfaceOrientationLandscapeLeft UIInterfaceOrientationLandscapeRight";
				IPHONEOS_DEPLOYMENT_TARGET = 17.0;
				LD_RUNPATH_SEARCH_PATHS = (
					"$(inherited)",
					"@executable_path/Frameworks",
				);
				MACOSX_DEPLOYMENT_TARGET = 13.3;
				MARKETING_VERSION = 1.0;
				PRODUCT_BUNDLE_IDENTIFIER = com.mourey.WeJourney;
				PRODUCT_NAME = "$(TARGET_NAME)";
				PROVISIONING_PROFILE_SPECIFIER = "";
				SUPPORTED_PLATFORMS = "iphoneos iphonesimulator macosx";
				SUPPORTS_MACCATALYST = NO;
				SUPPORTS_MAC_DESIGNED_FOR_IPHONE_IPAD = NO;
				SWIFT_EMIT_LOC_STRINGS = YES;
				SWIFT_VERSION = 5.0;
				TARGETED_DEVICE_FAMILY = "1,2";
			};
			name = Release;
		};
		407D7CF927024EBE00D2BA90 /* Debug */ = {
			isa = XCBuildConfiguration;
			baseConfigurationReference = 987F6E8525D5DA6A6A97A01E /* SampleCode.xcconfig */;
			buildSettings = {
				ALWAYS_SEARCH_USER_PATHS = NO;
				ASSETCATALOG_COMPILER_GENERATE_SWIFT_ASSET_SYMBOL_EXTENSIONS = YES;
				CLANG_ANALYZER_NONNULL = YES;
				CLANG_ANALYZER_NUMBER_OBJECT_CONVERSION = YES_AGGRESSIVE;
				CLANG_CXX_LANGUAGE_STANDARD = "gnu++17";
				CLANG_CXX_LIBRARY = "libc++";
				CLANG_ENABLE_MODULES = YES;
				CLANG_ENABLE_OBJC_ARC = YES;
				CLANG_ENABLE_OBJC_WEAK = YES;
				CLANG_WARN_BLOCK_CAPTURE_AUTORELEASING = YES;
				CLANG_WARN_BOOL_CONVERSION = YES;
				CLANG_WARN_COMMA = YES;
				CLANG_WARN_CONSTANT_CONVERSION = YES;
				CLANG_WARN_DEPRECATED_OBJC_IMPLEMENTATIONS = YES;
				CLANG_WARN_DIRECT_OBJC_ISA_USAGE = YES_ERROR;
				CLANG_WARN_DOCUMENTATION_COMMENTS = YES;
				CLANG_WARN_EMPTY_BODY = YES;
				CLANG_WARN_ENUM_CONVERSION = YES;
				CLANG_WARN_INFINITE_RECURSION = YES;
				CLANG_WARN_INT_CONVERSION = YES;
				CLANG_WARN_NON_LITERAL_NULL_CONVERSION = YES;
				CLANG_WARN_OBJC_IMPLICIT_RETAIN_SELF = YES;
				CLANG_WARN_OBJC_LITERAL_CONVERSION = YES;
				CLANG_WARN_OBJC_ROOT_CLASS = YES_ERROR;
				CLANG_WARN_QUOTED_INCLUDE_IN_FRAMEWORK_HEADER = YES;
				CLANG_WARN_RANGE_LOOP_ANALYSIS = YES;
				CLANG_WARN_STRICT_PROTOTYPES = YES;
				CLANG_WARN_SUSPICIOUS_MOVE = YES;
				CLANG_WARN_UNGUARDED_AVAILABILITY = YES_AGGRESSIVE;
				CLANG_WARN_UNREACHABLE_CODE = YES;
				CLANG_WARN__DUPLICATE_METHOD_MATCH = YES;
				COPY_PHASE_STRIP = NO;
				DEBUG_INFORMATION_FORMAT = dwarf;
				ENABLE_STRICT_OBJC_MSGSEND = YES;
				ENABLE_TESTABILITY = YES;
				ENABLE_USER_SCRIPT_SANDBOXING = YES;
				GCC_C_LANGUAGE_STANDARD = gnu11;
				GCC_DYNAMIC_NO_PIC = NO;
				GCC_NO_COMMON_BLOCKS = YES;
				GCC_OPTIMIZATION_LEVEL = 0;
				GCC_PREPROCESSOR_DEFINITIONS = (
					"DEBUG=1",
					"$(inherited)",
				);
				GCC_WARN_64_TO_32_BIT_CONVERSION = YES;
				GCC_WARN_ABOUT_RETURN_TYPE = YES_ERROR;
				GCC_WARN_UNDECLARED_SELECTOR = YES;
				GCC_WARN_UNINITIALIZED_AUTOS = YES_AGGRESSIVE;
				GCC_WARN_UNUSED_FUNCTION = YES;
				GCC_WARN_UNUSED_VARIABLE = YES;
				MTL_ENABLE_DEBUG_INFO = INCLUDE_SOURCE;
				MTL_FAST_MATH = YES;
				NEW_SETTING = "";
				NEW_SETTING1 = "";
				ONLY_ACTIVE_ARCH = YES;
				SDKROOT = iphoneos;
				SWIFT_ACTIVE_COMPILATION_CONDITIONS = DEBUG;
				SWIFT_OPTIMIZATION_LEVEL = "-Onone";
			};
			name = Debug;
		};
		407D7CFA27024EBE00D2BA90 /* Release */ = {
			isa = XCBuildConfiguration;
			baseConfigurationReference = 987F6E8525D5DA6A6A97A01E /* SampleCode.xcconfig */;
			buildSettings = {
				ALWAYS_SEARCH_USER_PATHS = NO;
				ASSETCATALOG_COMPILER_GENERATE_SWIFT_ASSET_SYMBOL_EXTENSIONS = YES;
				CLANG_ANALYZER_NONNULL = YES;
				CLANG_ANALYZER_NUMBER_OBJECT_CONVERSION = YES_AGGRESSIVE;
				CLANG_CXX_LANGUAGE_STANDARD = "gnu++17";
				CLANG_CXX_LIBRARY = "libc++";
				CLANG_ENABLE_MODULES = YES;
				CLANG_ENABLE_OBJC_ARC = YES;
				CLANG_ENABLE_OBJC_WEAK = YES;
				CLANG_WARN_BLOCK_CAPTURE_AUTORELEASING = YES;
				CLANG_WARN_BOOL_CONVERSION = YES;
				CLANG_WARN_COMMA = YES;
				CLANG_WARN_CONSTANT_CONVERSION = YES;
				CLANG_WARN_DEPRECATED_OBJC_IMPLEMENTATIONS = YES;
				CLANG_WARN_DIRECT_OBJC_ISA_USAGE = YES_ERROR;
				CLANG_WARN_DOCUMENTATION_COMMENTS = YES;
				CLANG_WARN_EMPTY_BODY = YES;
				CLANG_WARN_ENUM_CONVERSION = YES;
				CLANG_WARN_INFINITE_RECURSION = YES;
				CLANG_WARN_INT_CONVERSION = YES;
				CLANG_WARN_NON_LITERAL_NULL_CONVERSION = YES;
				CLANG_WARN_OBJC_IMPLICIT_RETAIN_SELF = YES;
				CLANG_WARN_OBJC_LITERAL_CONVERSION = YES;
				CLANG_WARN_OBJC_ROOT_CLASS = YES_ERROR;
				CLANG_WARN_QUOTED_INCLUDE_IN_FRAMEWORK_HEADER = YES;
				CLANG_WARN_RANGE_LOOP_ANALYSIS = YES;
				CLANG_WARN_STRICT_PROTOTYPES = YES;
				CLANG_WARN_SUSPICIOUS_MOVE = YES;
				CLANG_WARN_UNGUARDED_AVAILABILITY = YES_AGGRESSIVE;
				CLANG_WARN_UNREACHABLE_CODE = YES;
				CLANG_WARN__DUPLICATE_METHOD_MATCH = YES;
				COPY_PHASE_STRIP = NO;
				DEBUG_INFORMATION_FORMAT = "dwarf-with-dsym";
				ENABLE_NS_ASSERTIONS = NO;
				ENABLE_STRICT_OBJC_MSGSEND = YES;
				ENABLE_USER_SCRIPT_SANDBOXING = YES;
				GCC_C_LANGUAGE_STANDARD = gnu11;
				GCC_NO_COMMON_BLOCKS = YES;
				GCC_WARN_64_TO_32_BIT_CONVERSION = YES;
				GCC_WARN_ABOUT_RETURN_TYPE = YES_ERROR;
				GCC_WARN_UNDECLARED_SELECTOR = YES;
				GCC_WARN_UNINITIALIZED_AUTOS = YES_AGGRESSIVE;
				GCC_WARN_UNUSED_FUNCTION = YES;
				GCC_WARN_UNUSED_VARIABLE = YES;
				MTL_ENABLE_DEBUG_INFO = NO;
				MTL_FAST_MATH = YES;
				NEW_SETTING = "";
				NEW_SETTING1 = "";
				SDKROOT = iphoneos;
				SWIFT_COMPILATION_MODE = wholemodule;
				SWIFT_OPTIMIZATION_LEVEL = "-O";
				VALIDATE_PRODUCT = YES;
			};
			name = Release;
		};
		407D7CFC27024EBE00D2BA90 /* Debug */ = {
			isa = XCBuildConfiguration;
			baseConfigurationReference = 987F6E8525D5DA6A6A97A01E /* SampleCode.xcconfig */;
			buildSettings = {
				ASSETCATALOG_COMPILER_APPICON_NAME = AppIcon;
				ASSETCATALOG_COMPILER_GLOBAL_ACCENT_COLOR_NAME = AccentColor;
				CODE_SIGN_ENTITLEMENTS = WeJourneyShare/WeJourneyShare.entitlements;
				CODE_SIGN_STYLE = Automatic;
				CURRENT_PROJECT_VERSION = 1;
				DEVELOPMENT_ASSET_PATHS = "\"WeJourneyShare/Preview Content\"";
				DEVELOPMENT_TEAM = 87LWT8ZN7G;
				ENABLE_PREVIEWS = YES;
				GENERATE_INFOPLIST_FILE = YES;
				INFOPLIST_FILE = WeJourneyShare/Info.plist;
				INFOPLIST_KEY_LSApplicationCategoryType = "public.app-category.lifestyle";
				INFOPLIST_KEY_UIApplicationSupportsIndirectInputEvents = YES;
				INFOPLIST_KEY_UILaunchScreen_Generation = YES;
				INFOPLIST_KEY_UISupportedInterfaceOrientations_iPad = "UIInterfaceOrientationPortrait UIInterfaceOrientationPortraitUpsideDown UIInterfaceOrientationLandscapeLeft UIInterfaceOrientationLandscapeRight";
				INFOPLIST_KEY_UISupportedInterfaceOrientations_iPhone = "UIInterfaceOrientationPortrait UIInterfaceOrientationLandscapeLeft UIInterfaceOrientationLandscapeRight";
				IPHONEOS_DEPLOYMENT_TARGET = 17.0;
				LD_RUNPATH_SEARCH_PATHS = (
					"$(inherited)",
					"@executable_path/Frameworks",
				);
				MACOSX_DEPLOYMENT_TARGET = 14.4;
				MARKETING_VERSION = 1.0;
				PRODUCT_BUNDLE_IDENTIFIER = com.mourey.WeJourney;
				PRODUCT_NAME = "$(TARGET_NAME)";
				PROVISIONING_PROFILE_SPECIFIER = "";
				SUPPORTED_PLATFORMS = "appletvos appletvsimulator iphoneos iphonesimulator macosx";
				SUPPORTS_MACCATALYST = NO;
				SUPPORTS_MAC_DESIGNED_FOR_IPHONE_IPAD = NO;
				SWIFT_EMIT_LOC_STRINGS = YES;
				SWIFT_VERSION = 5.0;
				TARGETED_DEVICE_FAMILY = "1,2,3";
			};
			name = Debug;
		};
		407D7CFD27024EBE00D2BA90 /* Release */ = {
			isa = XCBuildConfiguration;
			baseConfigurationReference = 987F6E8525D5DA6A6A97A01E /* SampleCode.xcconfig */;
			buildSettings = {
				ASSETCATALOG_COMPILER_APPICON_NAME = AppIcon;
				ASSETCATALOG_COMPILER_GLOBAL_ACCENT_COLOR_NAME = AccentColor;
				CODE_SIGN_ENTITLEMENTS = WeJourneyShare/WeJourneyShare.entitlements;
				CODE_SIGN_STYLE = Automatic;
				CURRENT_PROJECT_VERSION = 1;
				DEVELOPMENT_ASSET_PATHS = "\"WeJourneyShare/Preview Content\"";
				DEVELOPMENT_TEAM = 87LWT8ZN7G;
				ENABLE_PREVIEWS = YES;
				GENERATE_INFOPLIST_FILE = YES;
				INFOPLIST_FILE = WeJourneyShare/Info.plist;
				INFOPLIST_KEY_LSApplicationCategoryType = "public.app-category.lifestyle";
				INFOPLIST_KEY_UIApplicationSupportsIndirectInputEvents = YES;
				INFOPLIST_KEY_UILaunchScreen_Generation = YES;
				INFOPLIST_KEY_UISupportedInterfaceOrientations_iPad = "UIInterfaceOrientationPortrait UIInterfaceOrientationPortraitUpsideDown UIInterfaceOrientationLandscapeLeft UIInterfaceOrientationLandscapeRight";
				INFOPLIST_KEY_UISupportedInterfaceOrientations_iPhone = "UIInterfaceOrientationPortrait UIInterfaceOrientationLandscapeLeft UIInterfaceOrientationLandscapeRight";
				IPHONEOS_DEPLOYMENT_TARGET = 17.0;
				LD_RUNPATH_SEARCH_PATHS = (
					"$(inherited)",
					"@executable_path/Frameworks",
				);
				MACOSX_DEPLOYMENT_TARGET = 14.4;
				MARKETING_VERSION = 1.0;
				PRODUCT_BUNDLE_IDENTIFIER = com.mourey.WeJourney;
				PRODUCT_NAME = "$(TARGET_NAME)";
				PROVISIONING_PROFILE_SPECIFIER = "";
				SUPPORTED_PLATFORMS = "appletvos appletvsimulator iphoneos iphonesimulator macosx";
				SUPPORTS_MACCATALYST = NO;
				SUPPORTS_MAC_DESIGNED_FOR_IPHONE_IPAD = NO;
				SWIFT_EMIT_LOC_STRINGS = YES;
				SWIFT_VERSION = 5.0;
				TARGETED_DEVICE_FAMILY = "1,2,3";
			};
			name = Release;
		};
		407D7D2F2702556900D2BA90 /* Debug */ = {
			isa = XCBuildConfiguration;
			baseConfigurationReference = 987F6E8525D5DA6A6A97A01E /* SampleCode.xcconfig */;
			buildSettings = {
				ALWAYS_EMBED_SWIFT_STANDARD_LIBRARIES = YES;
				ASSETCATALOG_COMPILER_APPICON_NAME = AppIcon;
				ASSETCATALOG_COMPILER_COMPLICATION_NAME = Complication;
				ASSETCATALOG_COMPILER_GLOBAL_ACCENT_COLOR_NAME = AccentColor;
				CODE_SIGN_ENTITLEMENTS = WeJourneyShareOnWatch/WeJourneyShareOnWatch.entitlements;
				CODE_SIGN_STYLE = Automatic;
				CURRENT_PROJECT_VERSION = 1;
				DEVELOPMENT_TEAM = 87LWT8ZN7G;
				GENERATE_INFOPLIST_FILE = YES;
				INFOPLIST_FILE = WeJourneyShareOnWatch/Info.plist;
				INFOPLIST_KEY_CFBundleDisplayName = WeJourneyShareOnWatch;
				INFOPLIST_KEY_LSApplicationCategoryType = "";
				INFOPLIST_KEY_NSHumanReadableCopyright = "";
				INFOPLIST_KEY_UIApplicationSceneManifest_Generation = YES;
				INFOPLIST_KEY_UISupportedInterfaceOrientations = "UIInterfaceOrientationPortrait UIInterfaceOrientationPortraitUpsideDown";
				INFOPLIST_KEY_WKCompanionAppBundleIdentifier = com.mourey.JourneyJar;
				INFOPLIST_KEY_WKRunsIndependentlyOfCompanionApp = YES;
				LD_RUNPATH_SEARCH_PATHS = (
					"@executable_path/Frameworks",
					"@executable_path/../../Frameworks",
				);
				MARKETING_VERSION = 1.0;
				PRODUCT_BUNDLE_IDENTIFIER = com.mourey.WeJourney.watchkitapp;
				PRODUCT_NAME = "$(TARGET_NAME)";
				PROVISIONING_PROFILE_SPECIFIER = "";
				SDKROOT = watchos;
				SKIP_INSTALL = YES;
				SWIFT_EMIT_LOC_STRINGS = YES;
				SWIFT_VERSION = 5.0;
				TARGETED_DEVICE_FAMILY = 4;
				WATCHOS_DEPLOYMENT_TARGET = 10.0;
			};
			name = Debug;
		};
		407D7D302702556900D2BA90 /* Release */ = {
			isa = XCBuildConfiguration;
			baseConfigurationReference = 987F6E8525D5DA6A6A97A01E /* SampleCode.xcconfig */;
			buildSettings = {
				ALWAYS_EMBED_SWIFT_STANDARD_LIBRARIES = YES;
				ASSETCATALOG_COMPILER_APPICON_NAME = AppIcon;
				ASSETCATALOG_COMPILER_COMPLICATION_NAME = Complication;
				ASSETCATALOG_COMPILER_GLOBAL_ACCENT_COLOR_NAME = AccentColor;
				CODE_SIGN_ENTITLEMENTS = WeJourneyShareOnWatch/WeJourneyShareOnWatch.entitlements;
				CODE_SIGN_STYLE = Automatic;
				CURRENT_PROJECT_VERSION = 1;
				DEVELOPMENT_TEAM = 87LWT8ZN7G;
				GENERATE_INFOPLIST_FILE = YES;
				INFOPLIST_FILE = WeJourneyShareOnWatch/Info.plist;
				INFOPLIST_KEY_CFBundleDisplayName = WeJourneyShareOnWatch;
				INFOPLIST_KEY_LSApplicationCategoryType = "";
				INFOPLIST_KEY_NSHumanReadableCopyright = "";
				INFOPLIST_KEY_UIApplicationSceneManifest_Generation = YES;
				INFOPLIST_KEY_UISupportedInterfaceOrientations = "UIInterfaceOrientationPortrait UIInterfaceOrientationPortraitUpsideDown";
				INFOPLIST_KEY_WKCompanionAppBundleIdentifier = com.mourey.JourneyJar;
				INFOPLIST_KEY_WKRunsIndependentlyOfCompanionApp = YES;
				LD_RUNPATH_SEARCH_PATHS = (
					"@executable_path/Frameworks",
					"@executable_path/../../Frameworks",
				);
				MARKETING_VERSION = 1.0;
				PRODUCT_BUNDLE_IDENTIFIER = com.mourey.WeJourney.watchkitapp;
				PRODUCT_NAME = "$(TARGET_NAME)";
				PROVISIONING_PROFILE_SPECIFIER = "";
				SDKROOT = watchos;
				SKIP_INSTALL = YES;
				SWIFT_EMIT_LOC_STRINGS = YES;
				SWIFT_VERSION = 5.0;
				TARGETED_DEVICE_FAMILY = 4;
				WATCHOS_DEPLOYMENT_TARGET = 10.0;
			};
			name = Release;
		};
		DC2B9F6F2BEE2143000F059D /* Debug */ = {
			isa = XCBuildConfiguration;
			buildSettings = {
				BUNDLE_LOADER = "$(TEST_HOST)";
				CLANG_CXX_LANGUAGE_STANDARD = "gnu++20";
				CODE_SIGN_STYLE = Automatic;
				CURRENT_PROJECT_VERSION = 1;
				DEVELOPMENT_TEAM = 87LWT8ZN7G;
				GCC_C_LANGUAGE_STANDARD = gnu17;
				GENERATE_INFOPLIST_FILE = YES;
				IPHONEOS_DEPLOYMENT_TARGET = 17.0;
				LOCALIZATION_PREFERS_STRING_CATALOGS = YES;
				MARKETING_VERSION = 1.0;
				PRODUCT_BUNDLE_IDENTIFIER = com.mourey.WeJourney.WeJourneyShareTests;
				PRODUCT_NAME = "$(TARGET_NAME)";
				SWIFT_ACTIVE_COMPILATION_CONDITIONS = "DEBUG $(inherited)";
				SWIFT_EMIT_LOC_STRINGS = NO;
				SWIFT_VERSION = 5.0;
				TARGETED_DEVICE_FAMILY = "1,2";
				TEST_HOST = "$(BUILT_PRODUCTS_DIR)/JourneyJarShare.app/$(BUNDLE_EXECUTABLE_FOLDER_PATH)/JourneyJarShare";
			};
			name = Debug;
		};
		DC2B9F702BEE2143000F059D /* Release */ = {
			isa = XCBuildConfiguration;
			buildSettings = {
				BUNDLE_LOADER = "$(TEST_HOST)";
				CLANG_CXX_LANGUAGE_STANDARD = "gnu++20";
				CODE_SIGN_STYLE = Automatic;
				CURRENT_PROJECT_VERSION = 1;
				DEVELOPMENT_TEAM = 87LWT8ZN7G;
				GCC_C_LANGUAGE_STANDARD = gnu17;
				GENERATE_INFOPLIST_FILE = YES;
				IPHONEOS_DEPLOYMENT_TARGET = 17.0;
				LOCALIZATION_PREFERS_STRING_CATALOGS = YES;
				MARKETING_VERSION = 1.0;
				PRODUCT_BUNDLE_IDENTIFIER = com.mourey.WeJourney.WeJourneyShareTests;
				PRODUCT_NAME = "$(TARGET_NAME)";
				SWIFT_EMIT_LOC_STRINGS = NO;
				SWIFT_VERSION = 5.0;
				TARGETED_DEVICE_FAMILY = "1,2";
				TEST_HOST = "$(BUILT_PRODUCTS_DIR)/JourneyJarShare.app/$(BUNDLE_EXECUTABLE_FOLDER_PATH)/JourneyJarShare";
			};
			name = Release;
		};
		DC2B9F7E2BEE218B000F059D /* Debug */ = {
			isa = XCBuildConfiguration;
			buildSettings = {
				CLANG_CXX_LANGUAGE_STANDARD = "gnu++20";
				CODE_SIGN_STYLE = Automatic;
				CURRENT_PROJECT_VERSION = 1;
				DEVELOPMENT_TEAM = 87LWT8ZN7G;
				GCC_C_LANGUAGE_STANDARD = gnu17;
				GENERATE_INFOPLIST_FILE = YES;
				IPHONEOS_DEPLOYMENT_TARGET = 17.0;
				LOCALIZATION_PREFERS_STRING_CATALOGS = YES;
				MARKETING_VERSION = 1.0;
				PRODUCT_BUNDLE_IDENTIFIER = com.mourey.WeJourney.WeJourneyShareUITests;
				PRODUCT_NAME = "$(TARGET_NAME)";
				SWIFT_ACTIVE_COMPILATION_CONDITIONS = "DEBUG $(inherited)";
				SWIFT_EMIT_LOC_STRINGS = NO;
				SWIFT_VERSION = 5.0;
				TARGETED_DEVICE_FAMILY = "1,2";
				TEST_TARGET_NAME = WeJourneyShare;
			};
			name = Debug;
		};
		DC2B9F7F2BEE218B000F059D /* Release */ = {
			isa = XCBuildConfiguration;
			buildSettings = {
				CLANG_CXX_LANGUAGE_STANDARD = "gnu++20";
				CODE_SIGN_STYLE = Automatic;
				CURRENT_PROJECT_VERSION = 1;
				DEVELOPMENT_TEAM = 87LWT8ZN7G;
				GCC_C_LANGUAGE_STANDARD = gnu17;
				GENERATE_INFOPLIST_FILE = YES;
				IPHONEOS_DEPLOYMENT_TARGET = 17.0;
				LOCALIZATION_PREFERS_STRING_CATALOGS = YES;
				MARKETING_VERSION = 1.0;
				PRODUCT_BUNDLE_IDENTIFIER = com.mourey.WeJourney.WeJourneyShareUITests;
				PRODUCT_NAME = "$(TARGET_NAME)";
				SWIFT_EMIT_LOC_STRINGS = NO;
				SWIFT_VERSION = 5.0;
				TARGETED_DEVICE_FAMILY = "1,2";
				TEST_TARGET_NAME = WeJourneyShare;
			};
			name = Release;
		};
/* End XCBuildConfiguration section */

/* Begin XCConfigurationList section */
		407A0CF32707D0CD00F481C5 /* Build configuration list for PBXNativeTarget "InitializeCloudKitSchema" */ = {
			isa = XCConfigurationList;
			buildConfigurations = (
				407A0CF42707D0CD00F481C5 /* Debug */,
				407A0CF52707D0CD00F481C5 /* Release */,
			);
			defaultConfigurationIsVisible = 0;
			defaultConfigurationName = Release;
		};
		407D7CE327024EBD00D2BA90 /* Build configuration list for PBXProject "JourneyJar" */ = {
			isa = XCConfigurationList;
			buildConfigurations = (
				407D7CF927024EBE00D2BA90 /* Debug */,
				407D7CFA27024EBE00D2BA90 /* Release */,
			);
			defaultConfigurationIsVisible = 0;
			defaultConfigurationName = Release;
		};
		407D7CFB27024EBE00D2BA90 /* Build configuration list for PBXNativeTarget "JourneyJarShare" */ = {
			isa = XCConfigurationList;
			buildConfigurations = (
				407D7CFC27024EBE00D2BA90 /* Debug */,
				407D7CFD27024EBE00D2BA90 /* Release */,
			);
			defaultConfigurationIsVisible = 0;
			defaultConfigurationName = Release;
		};
		407D7D352702556900D2BA90 /* Build configuration list for PBXNativeTarget "JourneyJarShareOnWatch" */ = {
			isa = XCConfigurationList;
			buildConfigurations = (
				407D7D2F2702556900D2BA90 /* Debug */,
				407D7D302702556900D2BA90 /* Release */,
			);
			defaultConfigurationIsVisible = 0;
			defaultConfigurationName = Release;
		};
		DC2B9F6E2BEE2143000F059D /* Build configuration list for PBXNativeTarget "JourneyJarShareTests" */ = {
			isa = XCConfigurationList;
			buildConfigurations = (
				DC2B9F6F2BEE2143000F059D /* Debug */,
				DC2B9F702BEE2143000F059D /* Release */,
			);
			defaultConfigurationIsVisible = 0;
			defaultConfigurationName = Release;
		};
		DC2B9F7D2BEE218B000F059D /* Build configuration list for PBXNativeTarget "JourneyJarShareUITests" */ = {
			isa = XCConfigurationList;
			buildConfigurations = (
				DC2B9F7E2BEE218B000F059D /* Debug */,
				DC2B9F7F2BEE218B000F059D /* Release */,
			);
			defaultConfigurationIsVisible = 0;
			defaultConfigurationName = Release;
		};
/* End XCConfigurationList section */

/* Begin XCVersionGroup section */
		407D7CF627024EBE00D2BA90 /* CloudKitShare.xcdatamodeld */ = {
			isa = XCVersionGroup;
			children = (
				407D7CF727024EBE00D2BA90 /* CoreDataCloudKitShare.xcdatamodel */,
			);
			currentVersion = 407D7CF727024EBE00D2BA90 /* CoreDataCloudKitShare.xcdatamodel */;
			path = CloudKitShare.xcdatamodeld;
			sourceTree = "<group>";
			versionGroupType = wrapper.xcdatamodel;
		};
		DC2B9F802BEE221C000F059D /* WeJourney.xcdatamodeld */ = {
			isa = XCVersionGroup;
			children = (
				DC2B9F812BEE221C000F059D /* WeJourney.xcdatamodel */,
			);
			currentVersion = DC2B9F812BEE221C000F059D /* WeJourney.xcdatamodel */;
			name = WeJourney.xcdatamodeld;
			path = /Users/jcmourey/Documents/XCodeProjects/WeJourney/WeJourneyShare/WeJourney.xcdatamodeld;
			sourceTree = "<group>";
			versionGroupType = wrapper.xcdatamodel;
		};
/* End XCVersionGroup section */
	};
	rootObject = 407D7CE027024EBD00D2BA90 /* Project object */;
}
